
Microsoft Visual Studio Solution File, Format Version 12.00
# Visual Studio Version 17
Project("{2150E333-8FDC-42A3-9474-1A3956D46DE8}") = "CMakePredefinedTargets", "CMakePredefinedTargets", "{C63E0C18-F95A-3208-9D78-EAD92E3E8410}"
EndProject
Project("{8BC9CEB8-8B4A-11D0-8D11-00A0C91BC942}") = "EntryPoint", "EntryPoint\EntryPoint.vcxproj", "{7CC51678-7D2D-3E52-ACA9-CC841A318CA9}"
	ProjectSection(ProjectDependencies) = postProject
		{E2216DC4-E72E-3E2A-A319-DE30381DC9F1} = {E2216DC4-E72E-3E2A-A319-DE30381DC9F1}
		{D5D3EC77-ACFB-3041-B26C-2BF4C02825F0} = {D5D3EC77-ACFB-3041-B26C-2BF4C02825F0}
		{126946FE-4A6B-3018-A5B2-7C4EF1F545E3} = {126946FE-4A6B-3018-A5B2-7C4EF1F545E3}
		{0829A4F6-369F-361B-A0BA-8043D0B04AFF} = {0829A4F6-369F-361B-A0BA-8043D0B04AFF}
		{E0796902-0E81-387B-ACF7-C38915E7DB98} = {E0796902-0E81-387B-ACF7-C38915E7DB98}
		{CF0E6CA2-EFEC-3C5A-A8AF-007FCF55DA03} = {CF0E6CA2-EFEC-3C5A-A8AF-007FCF55DA03}
		{7175575F-2EAB-3DF7-9243-FBE421F420B4} = {7175575F-2EAB-3DF7-9243-FBE421F420B4}
		{B206ABB7-49E1-393B-AE7B-95F7ABB7652A} = {B206ABB7-49E1-393B-AE7B-95F7ABB7652A}
		{AA4356F3-2784-3F78-9E15-34C41D805665} = {AA4356F3-2784-3F78-9E15-34C41D805665}
	EndProjectSection
EndProject
Project("{8BC9CEB8-8B4A-11D0-8D11-00A0C91BC942}") = "ALL_BUILD", "ALL_BUILD.vcxproj", "{AFA077A6-77AF-35F8-8B45-0761D617ADE0}"
	ProjectSection(ProjectDependencies) = postProject
		{7397FF27-8DCF-3A71-AA38-307A866ACE61} = {7397FF27-8DCF-3A71-AA38-307A866ACE61}
		{E2216DC4-E72E-3E2A-A319-DE30381DC9F1} = {E2216DC4-E72E-3E2A-A319-DE30381DC9F1}
		{D5D3EC77-ACFB-3041-B26C-2BF4C02825F0} = {D5D3EC77-ACFB-3041-B26C-2BF4C02825F0}
		{126946FE-4A6B-3018-A5B2-7C4EF1F545E3} = {126946FE-4A6B-3018-A5B2-7C4EF1F545E3}
		{0829A4F6-369F-361B-A0BA-8043D0B04AFF} = {0829A4F6-369F-361B-A0BA-8043D0B04AFF}
		{7216980A-571B-337C-A9FF-314E9F996B66} = {7216980A-571B-337C-A9FF-314E9F996B66}
		{B5741CF3-413C-321C-AEF8-4BCB4E0449FB} = {B5741CF3-413C-321C-AEF8-4BCB4E0449FB}
		{7CC51678-7D2D-3E52-ACA9-CC841A318CA9} = {7CC51678-7D2D-3E52-ACA9-CC841A318CA9}
		{E0796902-0E81-387B-ACF7-C38915E7DB98} = {E0796902-0E81-387B-ACF7-C38915E7DB98}
		{CF0E6CA2-EFEC-3C5A-A8AF-007FCF55DA03} = {CF0E6CA2-EFEC-3C5A-A8AF-007FCF55DA03}
		{7175575F-2EAB-3DF7-9243-FBE421F420B4} = {7175575F-2EAB-3DF7-9243-FBE421F420B4}
		{B206ABB7-49E1-393B-AE7B-95F7ABB7652A} = {B206ABB7-49E1-393B-AE7B-95F7ABB7652A}
		{AA4356F3-2784-3F78-9E15-34C41D805665} = {AA4356F3-2784-3F78-9E15-34C41D805665}
	EndProjectSection
EndProject
Project("{8BC9CEB8-8B4A-11D0-8D11-00A0C91BC942}") = "CSC8503", "CSC8503\CSC8503.vcxproj", "{7397FF27-8DCF-3A71-AA38-307A866ACE61}"
	ProjectSection(ProjectDependencies) = postProject
		{E2216DC4-E72E-3E2A-A319-DE30381DC9F1} = {E2216DC4-E72E-3E2A-A319-DE30381DC9F1}
		{D5D3EC77-ACFB-3041-B26C-2BF4C02825F0} = {D5D3EC77-ACFB-3041-B26C-2BF4C02825F0}
		{126946FE-4A6B-3018-A5B2-7C4EF1F545E3} = {126946FE-4A6B-3018-A5B2-7C4EF1F545E3}
		{0829A4F6-369F-361B-A0BA-8043D0B04AFF} = {0829A4F6-369F-361B-A0BA-8043D0B04AFF}
		{E0796902-0E81-387B-ACF7-C38915E7DB98} = {E0796902-0E81-387B-ACF7-C38915E7DB98}
		{CF0E6CA2-EFEC-3C5A-A8AF-007FCF55DA03} = {CF0E6CA2-EFEC-3C5A-A8AF-007FCF55DA03}
		{B206ABB7-49E1-393B-AE7B-95F7ABB7652A} = {B206ABB7-49E1-393B-AE7B-95F7ABB7652A}
		{AA4356F3-2784-3F78-9E15-34C41D805665} = {AA4356F3-2784-3F78-9E15-34C41D805665}
	EndProjectSection
EndProject
Project("{8BC9CEB8-8B4A-11D0-8D11-00A0C91BC942}") = "CSC8503CoreClasses", "CSC8503CoreClasses\CSC8503CoreClasses.vcxproj", "{E2216DC4-E72E-3E2A-A319-DE30381DC9F1}"
	ProjectSection(ProjectDependencies) = postProject
		{E0796902-0E81-387B-ACF7-C38915E7DB98} = {E0796902-0E81-387B-ACF7-C38915E7DB98}
		{CF0E6CA2-EFEC-3C5A-A8AF-007FCF55DA03} = {CF0E6CA2-EFEC-3C5A-A8AF-007FCF55DA03}
		{AA4356F3-2784-3F78-9E15-34C41D805665} = {AA4356F3-2784-3F78-9E15-34C41D805665}
	EndProjectSection
EndProject
Project("{8BC9CEB8-8B4A-11D0-8D11-00A0C91BC942}") = "DebugUtils", "DebugUtils\DebugUtils.vcxproj", "{D5D3EC77-ACFB-3041-B26C-2BF4C02825F0}"
	ProjectSection(ProjectDependencies) = postProject
		{126946FE-4A6B-3018-A5B2-7C4EF1F545E3} = {126946FE-4A6B-3018-A5B2-7C4EF1F545E3}
		{0829A4F6-369F-361B-A0BA-8043D0B04AFF} = {0829A4F6-369F-361B-A0BA-8043D0B04AFF}
		{B206ABB7-49E1-393B-AE7B-95F7ABB7652A} = {B206ABB7-49E1-393B-AE7B-95F7ABB7652A}
		{AA4356F3-2784-3F78-9E15-34C41D805665} = {AA4356F3-2784-3F78-9E15-34C41D805665}
	EndProjectSection
EndProject
Project("{8BC9CEB8-8B4A-11D0-8D11-00A0C91BC942}") = "Detour", "Detour\Detour.vcxproj", "{126946FE-4A6B-3018-A5B2-7C4EF1F545E3}"
	ProjectSection(ProjectDependencies) = postProject
		{AA4356F3-2784-3F78-9E15-34C41D805665} = {AA4356F3-2784-3F78-9E15-34C41D805665}
	EndProjectSection
EndProject
Project("{8BC9CEB8-8B4A-11D0-8D11-00A0C91BC942}") = "DetourTileCache", "DetourTileCache\DetourTileCache.vcxproj", "{0829A4F6-369F-361B-A0BA-8043D0B04AFF}"
	ProjectSection(ProjectDependencies) = postProject
		{126946FE-4A6B-3018-A5B2-7C4EF1F545E3} = {126946FE-4A6B-3018-A5B2-7C4EF1F545E3}
		{AA4356F3-2784-3F78-9E15-34C41D805665} = {AA4356F3-2784-3F78-9E15-34C41D805665}
	EndProjectSection
EndProject
Project("{8BC9CEB8-8B4A-11D0-8D11-00A0C91BC942}") = "DistributedGameServer", "DistributedGameServer\DistributedGameServer.vcxproj", "{7216980A-571B-337C-A9FF-314E9F996B66}"
	ProjectSection(ProjectDependencies) = postProject
		{E2216DC4-E72E-3E2A-A319-DE30381DC9F1} = {E2216DC4-E72E-3E2A-A319-DE30381DC9F1}
		{D5D3EC77-ACFB-3041-B26C-2BF4C02825F0} = {D5D3EC77-ACFB-3041-B26C-2BF4C02825F0}
		{126946FE-4A6B-3018-A5B2-7C4EF1F545E3} = {126946FE-4A6B-3018-A5B2-7C4EF1F545E3}
		{0829A4F6-369F-361B-A0BA-8043D0B04AFF} = {0829A4F6-369F-361B-A0BA-8043D0B04AFF}
		{E0796902-0E81-387B-ACF7-C38915E7DB98} = {E0796902-0E81-387B-ACF7-C38915E7DB98}
		{CF0E6CA2-EFEC-3C5A-A8AF-007FCF55DA03} = {CF0E6CA2-EFEC-3C5A-A8AF-007FCF55DA03}
		{B206ABB7-49E1-393B-AE7B-95F7ABB7652A} = {B206ABB7-49E1-393B-AE7B-95F7ABB7652A}
		{AA4356F3-2784-3F78-9E15-34C41D805665} = {AA4356F3-2784-3F78-9E15-34C41D805665}
	EndProjectSection
EndProject
Project("{8BC9CEB8-8B4A-11D0-8D11-00A0C91BC942}") = "DistributedPhysicsManager", "DistributedPhysicsManager\DistributedPhysicsManager.vcxproj", "{B5741CF3-413C-321C-AEF8-4BCB4E0449FB}"
	ProjectSection(ProjectDependencies) = postProject
		{E2216DC4-E72E-3E2A-A319-DE30381DC9F1} = {E2216DC4-E72E-3E2A-A319-DE30381DC9F1}
		{D5D3EC77-ACFB-3041-B26C-2BF4C02825F0} = {D5D3EC77-ACFB-3041-B26C-2BF4C02825F0}
		{126946FE-4A6B-3018-A5B2-7C4EF1F545E3} = {126946FE-4A6B-3018-A5B2-7C4EF1F545E3}
		{0829A4F6-369F-361B-A0BA-8043D0B04AFF} = {0829A4F6-369F-361B-A0BA-8043D0B04AFF}
		{7216980A-571B-337C-A9FF-314E9F996B66} = {7216980A-571B-337C-A9FF-314E9F996B66}
		{E0796902-0E81-387B-ACF7-C38915E7DB98} = {E0796902-0E81-387B-ACF7-C38915E7DB98}
		{CF0E6CA2-EFEC-3C5A-A8AF-007FCF55DA03} = {CF0E6CA2-EFEC-3C5A-A8AF-007FCF55DA03}
		{B206ABB7-49E1-393B-AE7B-95F7ABB7652A} = {B206ABB7-49E1-393B-AE7B-95F7ABB7652A}
		{AA4356F3-2784-3F78-9E15-34C41D805665} = {AA4356F3-2784-3F78-9E15-34C41D805665}
	EndProjectSection
EndProject
Project("{8BC9CEB8-8B4A-11D0-8D11-00A0C91BC942}") = "INSTALL", "INSTALL.vcxproj", "{A60C10BB-9698-3AF7-A718-C6112196DCDF}"
	ProjectSection(ProjectDependencies) = postProject
		{AFA077A6-77AF-35F8-8B45-0761D617ADE0} = {AFA077A6-77AF-35F8-8B45-0761D617ADE0}
		{AA4356F3-2784-3F78-9E15-34C41D805665} = {AA4356F3-2784-3F78-9E15-34C41D805665}
	EndProjectSection
EndProject
Project("{8BC9CEB8-8B4A-11D0-8D11-00A0C91BC942}") = "NCLCoreClasses", "NCLCoreClasses\NCLCoreClasses.vcxproj", "{E0796902-0E81-387B-ACF7-C38915E7DB98}"
	ProjectSection(ProjectDependencies) = postProject
		{AA4356F3-2784-3F78-9E15-34C41D805665} = {AA4356F3-2784-3F78-9E15-34C41D805665}
	EndProjectSection
EndProject
Project("{8BC9CEB8-8B4A-11D0-8D11-00A0C91BC942}") = "OpenGLRendering", "OpenGLRendering\OpenGLRendering.vcxproj", "{CF0E6CA2-EFEC-3C5A-A8AF-007FCF55DA03}"
	ProjectSection(ProjectDependencies) = postProject
		{E0796902-0E81-387B-ACF7-C38915E7DB98} = {E0796902-0E81-387B-ACF7-C38915E7DB98}
		{AA4356F3-2784-3F78-9E15-34C41D805665} = {AA4356F3-2784-3F78-9E15-34C41D805665}
	EndProjectSection
EndProject
Project("{8BC9CEB8-8B4A-11D0-8D11-00A0C91BC942}") = "PhysicsServerMidware", "PhysicsServerMidware\PhysicsServerMidware.vcxproj", "{7175575F-2EAB-3DF7-9243-FBE421F420B4}"
	ProjectSection(ProjectDependencies) = postProject
		{E2216DC4-E72E-3E2A-A319-DE30381DC9F1} = {E2216DC4-E72E-3E2A-A319-DE30381DC9F1}
		{D5D3EC77-ACFB-3041-B26C-2BF4C02825F0} = {D5D3EC77-ACFB-3041-B26C-2BF4C02825F0}
		{126946FE-4A6B-3018-A5B2-7C4EF1F545E3} = {126946FE-4A6B-3018-A5B2-7C4EF1F545E3}
		{0829A4F6-369F-361B-A0BA-8043D0B04AFF} = {0829A4F6-369F-361B-A0BA-8043D0B04AFF}
		{E0796902-0E81-387B-ACF7-C38915E7DB98} = {E0796902-0E81-387B-ACF7-C38915E7DB98}
		{CF0E6CA2-EFEC-3C5A-A8AF-007FCF55DA03} = {CF0E6CA2-EFEC-3C5A-A8AF-007FCF55DA03}
		{B206ABB7-49E1-393B-AE7B-95F7ABB7652A} = {B206ABB7-49E1-393B-AE7B-95F7ABB7652A}
		{AA4356F3-2784-3F78-9E15-34C41D805665} = {AA4356F3-2784-3F78-9E15-34C41D805665}
	EndProjectSection
EndProject
Project("{8BC9CEB8-8B4A-11D0-8D11-00A0C91BC942}") = "Recast", "Recast\Recast.vcxproj", "{B206ABB7-49E1-393B-AE7B-95F7ABB7652A}"
	ProjectSection(ProjectDependencies) = postProject
		{AA4356F3-2784-3F78-9E15-34C41D805665} = {AA4356F3-2784-3F78-9E15-34C41D805665}
	EndProjectSection
EndProject
Project("{8BC9CEB8-8B4A-11D0-8D11-00A0C91BC942}") = "ZERO_CHECK", "ZERO_CHECK.vcxproj", "{AA4356F3-2784-3F78-9E15-34C41D805665}"
	ProjectSection(ProjectDependencies) = postProject
	EndProjectSection
EndProject
Global
	GlobalSection(SolutionConfigurationPlatforms) = preSolution
		Debug|x64 = Debug|x64
		Release|x64 = Release|x64
		MinSizeRel|x64 = MinSizeRel|x64
		RelWithDebInfo|x64 = RelWithDebInfo|x64
	EndGlobalSection
	GlobalSection(ProjectConfigurationPlatforms) = postSolution
		{7CC51678-7D2D-3E52-ACA9-CC841A318CA9}.Debug|x64.ActiveCfg = Debug|x64
		{7CC51678-7D2D-3E52-ACA9-CC841A318CA9}.Debug|x64.Build.0 = Debug|x64
		{7CC51678-7D2D-3E52-ACA9-CC841A318CA9}.Release|x64.ActiveCfg = Release|x64
		{7CC51678-7D2D-3E52-ACA9-CC841A318CA9}.Release|x64.Build.0 = Release|x64
		{7CC51678-7D2D-3E52-ACA9-CC841A318CA9}.MinSizeRel|x64.ActiveCfg = MinSizeRel|x64
		{7CC51678-7D2D-3E52-ACA9-CC841A318CA9}.MinSizeRel|x64.Build.0 = MinSizeRel|x64
		{7CC51678-7D2D-3E52-ACA9-CC841A318CA9}.RelWithDebInfo|x64.ActiveCfg = RelWithDebInfo|x64
		{7CC51678-7D2D-3E52-ACA9-CC841A318CA9}.RelWithDebInfo|x64.Build.0 = RelWithDebInfo|x64
		{AFA077A6-77AF-35F8-8B45-0761D617ADE0}.Debug|x64.ActiveCfg = Debug|x64
		{AFA077A6-77AF-35F8-8B45-0761D617ADE0}.Debug|x64.Build.0 = Debug|x64
		{AFA077A6-77AF-35F8-8B45-0761D617ADE0}.Release|x64.ActiveCfg = Release|x64
		{AFA077A6-77AF-35F8-8B45-0761D617ADE0}.Release|x64.Build.0 = Release|x64
		{AFA077A6-77AF-35F8-8B45-0761D617ADE0}.MinSizeRel|x64.ActiveCfg = MinSizeRel|x64
		{AFA077A6-77AF-35F8-8B45-0761D617ADE0}.MinSizeRel|x64.Build.0 = MinSizeRel|x64
		{AFA077A6-77AF-35F8-8B45-0761D617ADE0}.RelWithDebInfo|x64.ActiveCfg = RelWithDebInfo|x64
		{AFA077A6-77AF-35F8-8B45-0761D617ADE0}.RelWithDebInfo|x64.Build.0 = RelWithDebInfo|x64
		{7397FF27-8DCF-3A71-AA38-307A866ACE61}.Debug|x64.ActiveCfg = Debug|x64
		{7397FF27-8DCF-3A71-AA38-307A866ACE61}.Debug|x64.Build.0 = Debug|x64
		{7397FF27-8DCF-3A71-AA38-307A866ACE61}.Release|x64.ActiveCfg = Release|x64
		{7397FF27-8DCF-3A71-AA38-307A866ACE61}.Release|x64.Build.0 = Release|x64
		{7397FF27-8DCF-3A71-AA38-307A866ACE61}.MinSizeRel|x64.ActiveCfg = MinSizeRel|x64
		{7397FF27-8DCF-3A71-AA38-307A866ACE61}.MinSizeRel|x64.Build.0 = MinSizeRel|x64
		{7397FF27-8DCF-3A71-AA38-307A866ACE61}.RelWithDebInfo|x64.ActiveCfg = RelWithDebInfo|x64
		{7397FF27-8DCF-3A71-AA38-307A866ACE61}.RelWithDebInfo|x64.Build.0 = RelWithDebInfo|x64
		{E2216DC4-E72E-3E2A-A319-DE30381DC9F1}.Debug|x64.ActiveCfg = Debug|x64
		{E2216DC4-E72E-3E2A-A319-DE30381DC9F1}.Debug|x64.Build.0 = Debug|x64
		{E2216DC4-E72E-3E2A-A319-DE30381DC9F1}.Release|x64.ActiveCfg = Release|x64
		{E2216DC4-E72E-3E2A-A319-DE30381DC9F1}.Release|x64.Build.0 = Release|x64
		{E2216DC4-E72E-3E2A-A319-DE30381DC9F1}.MinSizeRel|x64.ActiveCfg = MinSizeRel|x64
		{E2216DC4-E72E-3E2A-A319-DE30381DC9F1}.MinSizeRel|x64.Build.0 = MinSizeRel|x64
		{E2216DC4-E72E-3E2A-A319-DE30381DC9F1}.RelWithDebInfo|x64.ActiveCfg = RelWithDebInfo|x64
		{E2216DC4-E72E-3E2A-A319-DE30381DC9F1}.RelWithDebInfo|x64.Build.0 = RelWithDebInfo|x64
		{D5D3EC77-ACFB-3041-B26C-2BF4C02825F0}.Debug|x64.ActiveCfg = Debug|x64
		{D5D3EC77-ACFB-3041-B26C-2BF4C02825F0}.Debug|x64.Build.0 = Debug|x64
		{D5D3EC77-ACFB-3041-B26C-2BF4C02825F0}.Release|x64.ActiveCfg = Release|x64
		{D5D3EC77-ACFB-3041-B26C-2BF4C02825F0}.Release|x64.Build.0 = Release|x64
		{D5D3EC77-ACFB-3041-B26C-2BF4C02825F0}.MinSizeRel|x64.ActiveCfg = MinSizeRel|x64
		{D5D3EC77-ACFB-3041-B26C-2BF4C02825F0}.MinSizeRel|x64.Build.0 = MinSizeRel|x64
		{D5D3EC77-ACFB-3041-B26C-2BF4C02825F0}.RelWithDebInfo|x64.ActiveCfg = RelWithDebInfo|x64
		{D5D3EC77-ACFB-3041-B26C-2BF4C02825F0}.RelWithDebInfo|x64.Build.0 = RelWithDebInfo|x64
		{126946FE-4A6B-3018-A5B2-7C4EF1F545E3}.Debug|x64.ActiveCfg = Debug|x64
		{126946FE-4A6B-3018-A5B2-7C4EF1F545E3}.Debug|x64.Build.0 = Debug|x64
		{126946FE-4A6B-3018-A5B2-7C4EF1F545E3}.Release|x64.ActiveCfg = Release|x64
		{126946FE-4A6B-3018-A5B2-7C4EF1F545E3}.Release|x64.Build.0 = Release|x64
		{126946FE-4A6B-3018-A5B2-7C4EF1F545E3}.MinSizeRel|x64.ActiveCfg = MinSizeRel|x64
		{126946FE-4A6B-3018-A5B2-7C4EF1F545E3}.MinSizeRel|x64.Build.0 = MinSizeRel|x64
		{126946FE-4A6B-3018-A5B2-7C4EF1F545E3}.RelWithDebInfo|x64.ActiveCfg = RelWithDebInfo|x64
		{126946FE-4A6B-3018-A5B2-7C4EF1F545E3}.RelWithDebInfo|x64.Build.0 = RelWithDebInfo|x64
		{0829A4F6-369F-361B-A0BA-8043D0B04AFF}.Debug|x64.ActiveCfg = Debug|x64
		{0829A4F6-369F-361B-A0BA-8043D0B04AFF}.Debug|x64.Build.0 = Debug|x64
		{0829A4F6-369F-361B-A0BA-8043D0B04AFF}.Release|x64.ActiveCfg = Release|x64
		{0829A4F6-369F-361B-A0BA-8043D0B04AFF}.Release|x64.Build.0 = Release|x64
		{0829A4F6-369F-361B-A0BA-8043D0B04AFF}.MinSizeRel|x64.ActiveCfg = MinSizeRel|x64
		{0829A4F6-369F-361B-A0BA-8043D0B04AFF}.MinSizeRel|x64.Build.0 = MinSizeRel|x64
		{0829A4F6-369F-361B-A0BA-8043D0B04AFF}.RelWithDebInfo|x64.ActiveCfg = RelWithDebInfo|x64
		{0829A4F6-369F-361B-A0BA-8043D0B04AFF}.RelWithDebInfo|x64.Build.0 = RelWithDebInfo|x64
		{7216980A-571B-337C-A9FF-314E9F996B66}.Debug|x64.ActiveCfg = Debug|x64
		{7216980A-571B-337C-A9FF-314E9F996B66}.Debug|x64.Build.0 = Debug|x64
		{7216980A-571B-337C-A9FF-314E9F996B66}.Release|x64.ActiveCfg = Release|x64
		{7216980A-571B-337C-A9FF-314E9F996B66}.Release|x64.Build.0 = Release|x64
		{7216980A-571B-337C-A9FF-314E9F996B66}.MinSizeRel|x64.ActiveCfg = MinSizeRel|x64
		{7216980A-571B-337C-A9FF-314E9F996B66}.MinSizeRel|x64.Build.0 = MinSizeRel|x64
		{7216980A-571B-337C-A9FF-314E9F996B66}.RelWithDebInfo|x64.ActiveCfg = RelWithDebInfo|x64
		{7216980A-571B-337C-A9FF-314E9F996B66}.RelWithDebInfo|x64.Build.0 = RelWithDebInfo|x64
		{B5741CF3-413C-321C-AEF8-4BCB4E0449FB}.Debug|x64.ActiveCfg = Debug|x64
		{B5741CF3-413C-321C-AEF8-4BCB4E0449FB}.Debug|x64.Build.0 = Debug|x64
		{B5741CF3-413C-321C-AEF8-4BCB4E0449FB}.Release|x64.ActiveCfg = Release|x64
		{B5741CF3-413C-321C-AEF8-4BCB4E0449FB}.Release|x64.Build.0 = Release|x64
		{B5741CF3-413C-321C-AEF8-4BCB4E0449FB}.MinSizeRel|x64.ActiveCfg = MinSizeRel|x64
		{B5741CF3-413C-321C-AEF8-4BCB4E0449FB}.MinSizeRel|x64.Build.0 = MinSizeRel|x64
		{B5741CF3-413C-321C-AEF8-4BCB4E0449FB}.RelWithDebInfo|x64.ActiveCfg = RelWithDebInfo|x64
		{B5741CF3-413C-321C-AEF8-4BCB4E0449FB}.RelWithDebInfo|x64.Build.0 = RelWithDebInfo|x64
		{A60C10BB-9698-3AF7-A718-C6112196DCDF}.Debug|x64.ActiveCfg = Debug|x64
		{A60C10BB-9698-3AF7-A718-C6112196DCDF}.Release|x64.ActiveCfg = Release|x64
		{A60C10BB-9698-3AF7-A718-C6112196DCDF}.MinSizeRel|x64.ActiveCfg = MinSizeRel|x64
		{A60C10BB-9698-3AF7-A718-C6112196DCDF}.RelWithDebInfo|x64.ActiveCfg = RelWithDebInfo|x64
		{E0796902-0E81-387B-ACF7-C38915E7DB98}.Debug|x64.ActiveCfg = Debug|x64
		{E0796902-0E81-387B-ACF7-C38915E7DB98}.Debug|x64.Build.0 = Debug|x64
		{E0796902-0E81-387B-ACF7-C38915E7DB98}.Release|x64.ActiveCfg = Release|x64
		{E0796902-0E81-387B-ACF7-C38915E7DB98}.Release|x64.Build.0 = Release|x64
		{E0796902-0E81-387B-ACF7-C38915E7DB98}.MinSizeRel|x64.ActiveCfg = MinSizeRel|x64
		{E0796902-0E81-387B-ACF7-C38915E7DB98}.MinSizeRel|x64.Build.0 = MinSizeRel|x64
		{E0796902-0E81-387B-ACF7-C38915E7DB98}.RelWithDebInfo|x64.ActiveCfg = RelWithDebInfo|x64
		{E0796902-0E81-387B-ACF7-C38915E7DB98}.RelWithDebInfo|x64.Build.0 = RelWithDebInfo|x64
		{CF0E6CA2-EFEC-3C5A-A8AF-007FCF55DA03}.Debug|x64.ActiveCfg = Debug|x64
		{CF0E6CA2-EFEC-3C5A-A8AF-007FCF55DA03}.Debug|x64.Build.0 = Debug|x64
		{CF0E6CA2-EFEC-3C5A-A8AF-007FCF55DA03}.Release|x64.ActiveCfg = Release|x64
		{CF0E6CA2-EFEC-3C5A-A8AF-007FCF55DA03}.Release|x64.Build.0 = Release|x64
		{CF0E6CA2-EFEC-3C5A-A8AF-007FCF55DA03}.MinSizeRel|x64.ActiveCfg = MinSizeRel|x64
		{CF0E6CA2-EFEC-3C5A-A8AF-007FCF55DA03}.MinSizeRel|x64.Build.0 = MinSizeRel|x64
		{CF0E6CA2-EFEC-3C5A-A8AF-007FCF55DA03}.RelWithDebInfo|x64.ActiveCfg = RelWithDebInfo|x64
		{CF0E6CA2-EFEC-3C5A-A8AF-007FCF55DA03}.RelWithDebInfo|x64.Build.0 = RelWithDebInfo|x64
		{7175575F-2EAB-3DF7-9243-FBE421F420B4}.Debug|x64.ActiveCfg = Debug|x64
		{7175575F-2EAB-3DF7-9243-FBE421F420B4}.Debug|x64.Build.0 = Debug|x64
		{7175575F-2EAB-3DF7-9243-FBE421F420B4}.Release|x64.ActiveCfg = Release|x64
		{7175575F-2EAB-3DF7-9243-FBE421F420B4}.Release|x64.Build.0 = Release|x64
		{7175575F-2EAB-3DF7-9243-FBE421F420B4}.MinSizeRel|x64.ActiveCfg = MinSizeRel|x64
		{7175575F-2EAB-3DF7-9243-FBE421F420B4}.MinSizeRel|x64.Build.0 = MinSizeRel|x64
		{7175575F-2EAB-3DF7-9243-FBE421F420B4}.RelWithDebInfo|x64.ActiveCfg = RelWithDebInfo|x64
		{7175575F-2EAB-3DF7-9243-FBE421F420B4}.RelWithDebInfo|x64.Build.0 = RelWithDebInfo|x64
		{B206ABB7-49E1-393B-AE7B-95F7ABB7652A}.Debug|x64.ActiveCfg = Debug|x64
		{B206ABB7-49E1-393B-AE7B-95F7ABB7652A}.Debug|x64.Build.0 = Debug|x64
		{B206ABB7-49E1-393B-AE7B-95F7ABB7652A}.Release|x64.ActiveCfg = Release|x64
		{B206ABB7-49E1-393B-AE7B-95F7ABB7652A}.Release|x64.Build.0 = Release|x64
		{B206ABB7-49E1-393B-AE7B-95F7ABB7652A}.MinSizeRel|x64.ActiveCfg = MinSizeRel|x64
		{B206ABB7-49E1-393B-AE7B-95F7ABB7652A}.MinSizeRel|x64.Build.0 = MinSizeRel|x64
		{B206ABB7-49E1-393B-AE7B-95F7ABB7652A}.RelWithDebInfo|x64.ActiveCfg = RelWithDebInfo|x64
		{B206ABB7-49E1-393B-AE7B-95F7ABB7652A}.RelWithDebInfo|x64.Build.0 = RelWithDebInfo|x64
		{AA4356F3-2784-3F78-9E15-34C41D805665}.Debug|x64.ActiveCfg = Debug|x64
		{AA4356F3-2784-3F78-9E15-34C41D805665}.Debug|x64.Build.0 = Debug|x64
		{AA4356F3-2784-3F78-9E15-34C41D805665}.Release|x64.ActiveCfg = Release|x64
		{AA4356F3-2784-3F78-9E15-34C41D805665}.Release|x64.Build.0 = Release|x64
		{AA4356F3-2784-3F78-9E15-34C41D805665}.MinSizeRel|x64.ActiveCfg = MinSizeRel|x64
		{AA4356F3-2784-3F78-9E15-34C41D805665}.MinSizeRel|x64.Build.0 = MinSizeRel|x64
		{AA4356F3-2784-3F78-9E15-34C41D805665}.RelWithDebInfo|x64.ActiveCfg = RelWithDebInfo|x64
		{AA4356F3-2784-3F78-9E15-34C41D805665}.RelWithDebInfo|x64.Build.0 = RelWithDebInfo|x64
	EndGlobalSection
	GlobalSection(NestedProjects) = preSolution
		{AFA077A6-77AF-35F8-8B45-0761D617ADE0} = {C63E0C18-F95A-3208-9D78-EAD92E3E8410}
		{A60C10BB-9698-3AF7-A718-C6112196DCDF} = {C63E0C18-F95A-3208-9D78-EAD92E3E8410}
		{AA4356F3-2784-3F78-9E15-34C41D805665} = {C63E0C18-F95A-3208-9D78-EAD92E3E8410}
	EndGlobalSection
	GlobalSection(ExtensibilityGlobals) = postSolution
		SolutionGuid = {5F65903D-1B1F-3BA5-A675-125F2C393EC0}
	EndGlobalSection
	GlobalSection(ExtensibilityAddIns) = postSolution
	EndGlobalSection
EndGlobal
