
Microsoft Visual Studio Solution File, Format Version 12.00
# Visual Studio Version 17
VisualStudioVersion = 17.10.35004.147
MinimumVisualStudioVersion = 10.0.40219.1
Project("{2150E333-8FDC-42A3-9474-1A3956D46DE8}") = "CMakePredefinedTargets", "CMakePredefinedTargets", "{D52F6FD8-4E1A-3A10-8D69-EE4BDA449002}"
EndProject
Project("{8BC9CEB8-8B4A-11D0-8D11-00A0C91BC942}") = "EntryPoint", "EntryPoint\EntryPoint.vcxproj", "{483D151C-2BD2-3A69-B4A6-B098C2F51AD2}"
	ProjectSection(ProjectDependencies) = postProject
		{4CD9889C-9EDA-3CB3-A7E0-799236996CF0} = {4CD9889C-9EDA-3CB3-A7E0-799236996CF0}
		{39331240-5B5F-30A3-8219-92B8F070A561} = {39331240-5B5F-30A3-8219-92B8F070A561}
		{414F1DFC-B13D-31B7-9A83-7B05D5B9A84B} = {414F1DFC-B13D-31B7-9A83-7B05D5B9A84B}
		{EE853630-A37A-34C8-801E-65CA04406B14} = {EE853630-A37A-34C8-801E-65CA04406B14}
		{3EC41E3D-B634-397B-99AC-48D79A56CD46} = {3EC41E3D-B634-397B-99AC-48D79A56CD46}
		{4E907949-F086-34E3-B7ED-ABAD1E227159} = {4E907949-F086-34E3-B7ED-ABAD1E227159}
		{4062D53E-67C6-3918-AD7D-F55A8015837E} = {4062D53E-67C6-3918-AD7D-F55A8015837E}
		{A867B45A-C0E7-3694-B1F8-537B00E2B97A} = {A867B45A-C0E7-3694-B1F8-537B00E2B97A}
		{7A167F74-9AC8-3F9A-9125-7C2E60A9FE33} = {7A167F74-9AC8-3F9A-9125-7C2E60A9FE33}
		{39F6192D-83E8-36EF-87EC-C7A6C7713787} = {39F6192D-83E8-36EF-87EC-C7A6C7713787}
		{B2677F90-97D5-35C8-8C6F-7BAAFF9AE1C4} = {B2677F90-97D5-35C8-8C6F-7BAAFF9AE1C4}
	EndProjectSection
EndProject
Project("{8BC9CEB8-8B4A-11D0-8D11-00A0C91BC942}") = "ALL_BUILD", "ALL_BUILD.vcxproj", "{A243FAB3-F12A-3FB9-A197-F595121FBF00}"
	ProjectSection(ProjectDependencies) = postProject
		{6ECC677A-7FEF-3D03-9FBF-6168650FF000} = {6ECC677A-7FEF-3D03-9FBF-6168650FF000}
		{4CD9889C-9EDA-3CB3-A7E0-799236996CF0} = {4CD9889C-9EDA-3CB3-A7E0-799236996CF0}
		{39331240-5B5F-30A3-8219-92B8F070A561} = {39331240-5B5F-30A3-8219-92B8F070A561}
		{414F1DFC-B13D-31B7-9A83-7B05D5B9A84B} = {414F1DFC-B13D-31B7-9A83-7B05D5B9A84B}
		{EE853630-A37A-34C8-801E-65CA04406B14} = {EE853630-A37A-34C8-801E-65CA04406B14}
		{3EC41E3D-B634-397B-99AC-48D79A56CD46} = {3EC41E3D-B634-397B-99AC-48D79A56CD46}
		{4E907949-F086-34E3-B7ED-ABAD1E227159} = {4E907949-F086-34E3-B7ED-ABAD1E227159}
		{483D151C-2BD2-3A69-B4A6-B098C2F51AD2} = {483D151C-2BD2-3A69-B4A6-B098C2F51AD2}
		{4062D53E-67C6-3918-AD7D-F55A8015837E} = {4062D53E-67C6-3918-AD7D-F55A8015837E}
		{A867B45A-C0E7-3694-B1F8-537B00E2B97A} = {A867B45A-C0E7-3694-B1F8-537B00E2B97A}
		{7A167F74-9AC8-3F9A-9125-7C2E60A9FE33} = {7A167F74-9AC8-3F9A-9125-7C2E60A9FE33}
		{39F6192D-83E8-36EF-87EC-C7A6C7713787} = {39F6192D-83E8-36EF-87EC-C7A6C7713787}
		{B2677F90-97D5-35C8-8C6F-7BAAFF9AE1C4} = {B2677F90-97D5-35C8-8C6F-7BAAFF9AE1C4}
	EndProjectSection
EndProject
Project("{8BC9CEB8-8B4A-11D0-8D11-00A0C91BC942}") = "CSC8503", "CSC8503\CSC8503.vcxproj", "{6ECC677A-7FEF-3D03-9FBF-6168650FF000}"
	ProjectSection(ProjectDependencies) = postProject
		{4CD9889C-9EDA-3CB3-A7E0-799236996CF0} = {4CD9889C-9EDA-3CB3-A7E0-799236996CF0}
		{39331240-5B5F-30A3-8219-92B8F070A561} = {39331240-5B5F-30A3-8219-92B8F070A561}
		{414F1DFC-B13D-31B7-9A83-7B05D5B9A84B} = {414F1DFC-B13D-31B7-9A83-7B05D5B9A84B}
		{EE853630-A37A-34C8-801E-65CA04406B14} = {EE853630-A37A-34C8-801E-65CA04406B14}
		{A867B45A-C0E7-3694-B1F8-537B00E2B97A} = {A867B45A-C0E7-3694-B1F8-537B00E2B97A}
		{7A167F74-9AC8-3F9A-9125-7C2E60A9FE33} = {7A167F74-9AC8-3F9A-9125-7C2E60A9FE33}
		{39F6192D-83E8-36EF-87EC-C7A6C7713787} = {39F6192D-83E8-36EF-87EC-C7A6C7713787}
		{B2677F90-97D5-35C8-8C6F-7BAAFF9AE1C4} = {B2677F90-97D5-35C8-8C6F-7BAAFF9AE1C4}
	EndProjectSection
EndProject
Project("{8BC9CEB8-8B4A-11D0-8D11-00A0C91BC942}") = "CSC8503CoreClasses", "CSC8503CoreClasses\CSC8503CoreClasses.vcxproj", "{4CD9889C-9EDA-3CB3-A7E0-799236996CF0}"
	ProjectSection(ProjectDependencies) = postProject
		{A867B45A-C0E7-3694-B1F8-537B00E2B97A} = {A867B45A-C0E7-3694-B1F8-537B00E2B97A}
		{7A167F74-9AC8-3F9A-9125-7C2E60A9FE33} = {7A167F74-9AC8-3F9A-9125-7C2E60A9FE33}
		{B2677F90-97D5-35C8-8C6F-7BAAFF9AE1C4} = {B2677F90-97D5-35C8-8C6F-7BAAFF9AE1C4}
	EndProjectSection
EndProject
Project("{8BC9CEB8-8B4A-11D0-8D11-00A0C91BC942}") = "DebugUtils", "DebugUtils\DebugUtils.vcxproj", "{39331240-5B5F-30A3-8219-92B8F070A561}"
	ProjectSection(ProjectDependencies) = postProject
		{414F1DFC-B13D-31B7-9A83-7B05D5B9A84B} = {414F1DFC-B13D-31B7-9A83-7B05D5B9A84B}
		{EE853630-A37A-34C8-801E-65CA04406B14} = {EE853630-A37A-34C8-801E-65CA04406B14}
		{39F6192D-83E8-36EF-87EC-C7A6C7713787} = {39F6192D-83E8-36EF-87EC-C7A6C7713787}
		{B2677F90-97D5-35C8-8C6F-7BAAFF9AE1C4} = {B2677F90-97D5-35C8-8C6F-7BAAFF9AE1C4}
	EndProjectSection
EndProject
Project("{8BC9CEB8-8B4A-11D0-8D11-00A0C91BC942}") = "Detour", "Detour\Detour.vcxproj", "{414F1DFC-B13D-31B7-9A83-7B05D5B9A84B}"
	ProjectSection(ProjectDependencies) = postProject
		{B2677F90-97D5-35C8-8C6F-7BAAFF9AE1C4} = {B2677F90-97D5-35C8-8C6F-7BAAFF9AE1C4}
	EndProjectSection
EndProject
Project("{8BC9CEB8-8B4A-11D0-8D11-00A0C91BC942}") = "DetourTileCache", "DetourTileCache\DetourTileCache.vcxproj", "{EE853630-A37A-34C8-801E-65CA04406B14}"
	ProjectSection(ProjectDependencies) = postProject
		{414F1DFC-B13D-31B7-9A83-7B05D5B9A84B} = {414F1DFC-B13D-31B7-9A83-7B05D5B9A84B}
		{B2677F90-97D5-35C8-8C6F-7BAAFF9AE1C4} = {B2677F90-97D5-35C8-8C6F-7BAAFF9AE1C4}
	EndProjectSection
EndProject
Project("{8BC9CEB8-8B4A-11D0-8D11-00A0C91BC942}") = "DistributedGameServer", "DistributedGameServer\DistributedGameServer.vcxproj", "{3EC41E3D-B634-397B-99AC-48D79A56CD46}"
	ProjectSection(ProjectDependencies) = postProject
		{4CD9889C-9EDA-3CB3-A7E0-799236996CF0} = {4CD9889C-9EDA-3CB3-A7E0-799236996CF0}
		{39331240-5B5F-30A3-8219-92B8F070A561} = {39331240-5B5F-30A3-8219-92B8F070A561}
		{414F1DFC-B13D-31B7-9A83-7B05D5B9A84B} = {414F1DFC-B13D-31B7-9A83-7B05D5B9A84B}
		{EE853630-A37A-34C8-801E-65CA04406B14} = {EE853630-A37A-34C8-801E-65CA04406B14}
		{4062D53E-67C6-3918-AD7D-F55A8015837E} = {4062D53E-67C6-3918-AD7D-F55A8015837E}
		{A867B45A-C0E7-3694-B1F8-537B00E2B97A} = {A867B45A-C0E7-3694-B1F8-537B00E2B97A}
		{7A167F74-9AC8-3F9A-9125-7C2E60A9FE33} = {7A167F74-9AC8-3F9A-9125-7C2E60A9FE33}
		{39F6192D-83E8-36EF-87EC-C7A6C7713787} = {39F6192D-83E8-36EF-87EC-C7A6C7713787}
		{B2677F90-97D5-35C8-8C6F-7BAAFF9AE1C4} = {B2677F90-97D5-35C8-8C6F-7BAAFF9AE1C4}
	EndProjectSection
EndProject
Project("{8BC9CEB8-8B4A-11D0-8D11-00A0C91BC942}") = "DistributedPhysicsManager", "DistributedPhysicsManager\DistributedPhysicsManager.vcxproj", "{4E907949-F086-34E3-B7ED-ABAD1E227159}"
	ProjectSection(ProjectDependencies) = postProject
		{4CD9889C-9EDA-3CB3-A7E0-799236996CF0} = {4CD9889C-9EDA-3CB3-A7E0-799236996CF0}
		{39331240-5B5F-30A3-8219-92B8F070A561} = {39331240-5B5F-30A3-8219-92B8F070A561}
		{414F1DFC-B13D-31B7-9A83-7B05D5B9A84B} = {414F1DFC-B13D-31B7-9A83-7B05D5B9A84B}
		{EE853630-A37A-34C8-801E-65CA04406B14} = {EE853630-A37A-34C8-801E-65CA04406B14}
		{3EC41E3D-B634-397B-99AC-48D79A56CD46} = {3EC41E3D-B634-397B-99AC-48D79A56CD46}
		{4062D53E-67C6-3918-AD7D-F55A8015837E} = {4062D53E-67C6-3918-AD7D-F55A8015837E}
		{A867B45A-C0E7-3694-B1F8-537B00E2B97A} = {A867B45A-C0E7-3694-B1F8-537B00E2B97A}
		{7A167F74-9AC8-3F9A-9125-7C2E60A9FE33} = {7A167F74-9AC8-3F9A-9125-7C2E60A9FE33}
		{39F6192D-83E8-36EF-87EC-C7A6C7713787} = {39F6192D-83E8-36EF-87EC-C7A6C7713787}
		{B2677F90-97D5-35C8-8C6F-7BAAFF9AE1C4} = {B2677F90-97D5-35C8-8C6F-7BAAFF9AE1C4}
	EndProjectSection
EndProject
Project("{8BC9CEB8-8B4A-11D0-8D11-00A0C91BC942}") = "INSTALL", "INSTALL.vcxproj", "{0E65B32C-D6C8-3A59-87E5-1B08D9330475}"
	ProjectSection(ProjectDependencies) = postProject
		{A243FAB3-F12A-3FB9-A197-F595121FBF00} = {A243FAB3-F12A-3FB9-A197-F595121FBF00}
		{B2677F90-97D5-35C8-8C6F-7BAAFF9AE1C4} = {B2677F90-97D5-35C8-8C6F-7BAAFF9AE1C4}
	EndProjectSection
EndProject
Project("{8BC9CEB8-8B4A-11D0-8D11-00A0C91BC942}") = "ImguiSceneNode", "ImguiSceneNode\ImguiSceneNode.vcxproj", "{4062D53E-67C6-3918-AD7D-F55A8015837E}"
	ProjectSection(ProjectDependencies) = postProject
		{4CD9889C-9EDA-3CB3-A7E0-799236996CF0} = {4CD9889C-9EDA-3CB3-A7E0-799236996CF0}
		{39331240-5B5F-30A3-8219-92B8F070A561} = {39331240-5B5F-30A3-8219-92B8F070A561}
		{414F1DFC-B13D-31B7-9A83-7B05D5B9A84B} = {414F1DFC-B13D-31B7-9A83-7B05D5B9A84B}
		{EE853630-A37A-34C8-801E-65CA04406B14} = {EE853630-A37A-34C8-801E-65CA04406B14}
		{A867B45A-C0E7-3694-B1F8-537B00E2B97A} = {A867B45A-C0E7-3694-B1F8-537B00E2B97A}
		{7A167F74-9AC8-3F9A-9125-7C2E60A9FE33} = {7A167F74-9AC8-3F9A-9125-7C2E60A9FE33}
		{39F6192D-83E8-36EF-87EC-C7A6C7713787} = {39F6192D-83E8-36EF-87EC-C7A6C7713787}
		{B2677F90-97D5-35C8-8C6F-7BAAFF9AE1C4} = {B2677F90-97D5-35C8-8C6F-7BAAFF9AE1C4}
	EndProjectSection
EndProject
Project("{8BC9CEB8-8B4A-11D0-8D11-00A0C91BC942}") = "NCLCoreClasses", "NCLCoreClasses\NCLCoreClasses.vcxproj", "{A867B45A-C0E7-3694-B1F8-537B00E2B97A}"
	ProjectSection(ProjectDependencies) = postProject
		{B2677F90-97D5-35C8-8C6F-7BAAFF9AE1C4} = {B2677F90-97D5-35C8-8C6F-7BAAFF9AE1C4}
	EndProjectSection
EndProject
Project("{8BC9CEB8-8B4A-11D0-8D11-00A0C91BC942}") = "OpenGLRendering", "OpenGLRendering\OpenGLRendering.vcxproj", "{7A167F74-9AC8-3F9A-9125-7C2E60A9FE33}"
	ProjectSection(ProjectDependencies) = postProject
		{A867B45A-C0E7-3694-B1F8-537B00E2B97A} = {A867B45A-C0E7-3694-B1F8-537B00E2B97A}
		{B2677F90-97D5-35C8-8C6F-7BAAFF9AE1C4} = {B2677F90-97D5-35C8-8C6F-7BAAFF9AE1C4}
	EndProjectSection
EndProject
Project("{8BC9CEB8-8B4A-11D0-8D11-00A0C91BC942}") = "Recast", "Recast\Recast.vcxproj", "{39F6192D-83E8-36EF-87EC-C7A6C7713787}"
	ProjectSection(ProjectDependencies) = postProject
		{B2677F90-97D5-35C8-8C6F-7BAAFF9AE1C4} = {B2677F90-97D5-35C8-8C6F-7BAAFF9AE1C4}
	EndProjectSection
EndProject
Project("{8BC9CEB8-8B4A-11D0-8D11-00A0C91BC942}") = "ZERO_CHECK", "ZERO_CHECK.vcxproj", "{B2677F90-97D5-35C8-8C6F-7BAAFF9AE1C4}"
EndProject
Project("{8BC9CEB8-8B4A-11D0-8D11-00A0C91BC942}") = "PhysicsServerMidware", "PhysicsServerMidware\PhysicsServerMidware.vcxproj", "{B831C509-A678-4ABD-9CCB-116D672B535C}"
EndProject
Global
	GlobalSection(SolutionConfigurationPlatforms) = preSolution
		Debug|x64 = Debug|x64
		Debug|x86 = Debug|x86
		MinSizeRel|x64 = MinSizeRel|x64
		MinSizeRel|x86 = MinSizeRel|x86
		Release|x64 = Release|x64
		Release|x86 = Release|x86
		RelWithDebInfo|x64 = RelWithDebInfo|x64
		RelWithDebInfo|x86 = RelWithDebInfo|x86
	EndGlobalSection
	GlobalSection(ProjectConfigurationPlatforms) = postSolution
		{483D151C-2BD2-3A69-B4A6-B098C2F51AD2}.Debug|x64.ActiveCfg = Debug|x64
		{483D151C-2BD2-3A69-B4A6-B098C2F51AD2}.Debug|x64.Build.0 = Debug|x64
		{483D151C-2BD2-3A69-B4A6-B098C2F51AD2}.Debug|x86.ActiveCfg = Debug|x64
		{483D151C-2BD2-3A69-B4A6-B098C2F51AD2}.Debug|x86.Build.0 = Debug|x64
		{483D151C-2BD2-3A69-B4A6-B098C2F51AD2}.MinSizeRel|x64.ActiveCfg = MinSizeRel|x64
		{483D151C-2BD2-3A69-B4A6-B098C2F51AD2}.MinSizeRel|x64.Build.0 = MinSizeRel|x64
		{483D151C-2BD2-3A69-B4A6-B098C2F51AD2}.MinSizeRel|x86.ActiveCfg = MinSizeRel|x64
		{483D151C-2BD2-3A69-B4A6-B098C2F51AD2}.MinSizeRel|x86.Build.0 = MinSizeRel|x64
		{483D151C-2BD2-3A69-B4A6-B098C2F51AD2}.Release|x64.ActiveCfg = Release|x64
		{483D151C-2BD2-3A69-B4A6-B098C2F51AD2}.Release|x64.Build.0 = Release|x64
		{483D151C-2BD2-3A69-B4A6-B098C2F51AD2}.Release|x86.ActiveCfg = Release|x64
		{483D151C-2BD2-3A69-B4A6-B098C2F51AD2}.Release|x86.Build.0 = Release|x64
		{483D151C-2BD2-3A69-B4A6-B098C2F51AD2}.RelWithDebInfo|x64.ActiveCfg = RelWithDebInfo|x64
		{483D151C-2BD2-3A69-B4A6-B098C2F51AD2}.RelWithDebInfo|x64.Build.0 = RelWithDebInfo|x64
		{483D151C-2BD2-3A69-B4A6-B098C2F51AD2}.RelWithDebInfo|x86.ActiveCfg = RelWithDebInfo|x64
		{483D151C-2BD2-3A69-B4A6-B098C2F51AD2}.RelWithDebInfo|x86.Build.0 = RelWithDebInfo|x64
		{A243FAB3-F12A-3FB9-A197-F595121FBF00}.Debug|x64.ActiveCfg = Debug|x64
		{A243FAB3-F12A-3FB9-A197-F595121FBF00}.Debug|x64.Build.0 = Debug|x64
		{A243FAB3-F12A-3FB9-A197-F595121FBF00}.Debug|x86.ActiveCfg = Debug|x64
		{A243FAB3-F12A-3FB9-A197-F595121FBF00}.Debug|x86.Build.0 = Debug|x64
		{A243FAB3-F12A-3FB9-A197-F595121FBF00}.MinSizeRel|x64.ActiveCfg = MinSizeRel|x64
		{A243FAB3-F12A-3FB9-A197-F595121FBF00}.MinSizeRel|x64.Build.0 = MinSizeRel|x64
		{A243FAB3-F12A-3FB9-A197-F595121FBF00}.MinSizeRel|x86.ActiveCfg = MinSizeRel|x64
		{A243FAB3-F12A-3FB9-A197-F595121FBF00}.MinSizeRel|x86.Build.0 = MinSizeRel|x64
		{A243FAB3-F12A-3FB9-A197-F595121FBF00}.Release|x64.ActiveCfg = Release|x64
		{A243FAB3-F12A-3FB9-A197-F595121FBF00}.Release|x64.Build.0 = Release|x64
		{A243FAB3-F12A-3FB9-A197-F595121FBF00}.Release|x86.ActiveCfg = Release|x64
		{A243FAB3-F12A-3FB9-A197-F595121FBF00}.Release|x86.Build.0 = Release|x64
		{A243FAB3-F12A-3FB9-A197-F595121FBF00}.RelWithDebInfo|x64.ActiveCfg = RelWithDebInfo|x64
		{A243FAB3-F12A-3FB9-A197-F595121FBF00}.RelWithDebInfo|x64.Build.0 = RelWithDebInfo|x64
		{A243FAB3-F12A-3FB9-A197-F595121FBF00}.RelWithDebInfo|x86.ActiveCfg = RelWithDebInfo|x64
		{A243FAB3-F12A-3FB9-A197-F595121FBF00}.RelWithDebInfo|x86.Build.0 = RelWithDebInfo|x64
		{6ECC677A-7FEF-3D03-9FBF-6168650FF000}.Debug|x64.ActiveCfg = Debug|x64
		{6ECC677A-7FEF-3D03-9FBF-6168650FF000}.Debug|x64.Build.0 = Debug|x64
		{6ECC677A-7FEF-3D03-9FBF-6168650FF000}.Debug|x86.ActiveCfg = Debug|x64
		{6ECC677A-7FEF-3D03-9FBF-6168650FF000}.Debug|x86.Build.0 = Debug|x64
		{6ECC677A-7FEF-3D03-9FBF-6168650FF000}.MinSizeRel|x64.ActiveCfg = MinSizeRel|x64
		{6ECC677A-7FEF-3D03-9FBF-6168650FF000}.MinSizeRel|x64.Build.0 = MinSizeRel|x64
		{6ECC677A-7FEF-3D03-9FBF-6168650FF000}.MinSizeRel|x86.ActiveCfg = MinSizeRel|x64
		{6ECC677A-7FEF-3D03-9FBF-6168650FF000}.MinSizeRel|x86.Build.0 = MinSizeRel|x64
		{6ECC677A-7FEF-3D03-9FBF-6168650FF000}.Release|x64.ActiveCfg = Release|x64
		{6ECC677A-7FEF-3D03-9FBF-6168650FF000}.Release|x64.Build.0 = Release|x64
		{6ECC677A-7FEF-3D03-9FBF-6168650FF000}.Release|x86.ActiveCfg = Release|x64
		{6ECC677A-7FEF-3D03-9FBF-6168650FF000}.Release|x86.Build.0 = Release|x64
		{6ECC677A-7FEF-3D03-9FBF-6168650FF000}.RelWithDebInfo|x64.ActiveCfg = RelWithDebInfo|x64
		{6ECC677A-7FEF-3D03-9FBF-6168650FF000}.RelWithDebInfo|x64.Build.0 = RelWithDebInfo|x64
		{6ECC677A-7FEF-3D03-9FBF-6168650FF000}.RelWithDebInfo|x86.ActiveCfg = RelWithDebInfo|x64
		{6ECC677A-7FEF-3D03-9FBF-6168650FF000}.RelWithDebInfo|x86.Build.0 = RelWithDebInfo|x64
		{4CD9889C-9EDA-3CB3-A7E0-799236996CF0}.Debug|x64.ActiveCfg = Debug|x64
		{4CD9889C-9EDA-3CB3-A7E0-799236996CF0}.Debug|x64.Build.0 = Debug|x64
		{4CD9889C-9EDA-3CB3-A7E0-799236996CF0}.Debug|x86.ActiveCfg = Debug|x64
		{4CD9889C-9EDA-3CB3-A7E0-799236996CF0}.Debug|x86.Build.0 = Debug|x64
		{4CD9889C-9EDA-3CB3-A7E0-799236996CF0}.MinSizeRel|x64.ActiveCfg = MinSizeRel|x64
		{4CD9889C-9EDA-3CB3-A7E0-799236996CF0}.MinSizeRel|x64.Build.0 = MinSizeRel|x64
		{4CD9889C-9EDA-3CB3-A7E0-799236996CF0}.MinSizeRel|x86.ActiveCfg = MinSizeRel|x64
		{4CD9889C-9EDA-3CB3-A7E0-799236996CF0}.MinSizeRel|x86.Build.0 = MinSizeRel|x64
		{4CD9889C-9EDA-3CB3-A7E0-799236996CF0}.Release|x64.ActiveCfg = Release|x64
		{4CD9889C-9EDA-3CB3-A7E0-799236996CF0}.Release|x64.Build.0 = Release|x64
		{4CD9889C-9EDA-3CB3-A7E0-799236996CF0}.Release|x86.ActiveCfg = Release|x64
		{4CD9889C-9EDA-3CB3-A7E0-799236996CF0}.Release|x86.Build.0 = Release|x64
		{4CD9889C-9EDA-3CB3-A7E0-799236996CF0}.RelWithDebInfo|x64.ActiveCfg = RelWithDebInfo|x64
		{4CD9889C-9EDA-3CB3-A7E0-799236996CF0}.RelWithDebInfo|x64.Build.0 = RelWithDebInfo|x64
		{4CD9889C-9EDA-3CB3-A7E0-799236996CF0}.RelWithDebInfo|x86.ActiveCfg = RelWithDebInfo|x64
		{4CD9889C-9EDA-3CB3-A7E0-799236996CF0}.RelWithDebInfo|x86.Build.0 = RelWithDebInfo|x64
		{39331240-5B5F-30A3-8219-92B8F070A561}.Debug|x64.ActiveCfg = Debug|x64
		{39331240-5B5F-30A3-8219-92B8F070A561}.Debug|x64.Build.0 = Debug|x64
		{39331240-5B5F-30A3-8219-92B8F070A561}.Debug|x86.ActiveCfg = Debug|x64
		{39331240-5B5F-30A3-8219-92B8F070A561}.Debug|x86.Build.0 = Debug|x64
		{39331240-5B5F-30A3-8219-92B8F070A561}.MinSizeRel|x64.ActiveCfg = MinSizeRel|x64
		{39331240-5B5F-30A3-8219-92B8F070A561}.MinSizeRel|x64.Build.0 = MinSizeRel|x64
		{39331240-5B5F-30A3-8219-92B8F070A561}.MinSizeRel|x86.ActiveCfg = MinSizeRel|x64
		{39331240-5B5F-30A3-8219-92B8F070A561}.MinSizeRel|x86.Build.0 = MinSizeRel|x64
		{39331240-5B5F-30A3-8219-92B8F070A561}.Release|x64.ActiveCfg = Release|x64
		{39331240-5B5F-30A3-8219-92B8F070A561}.Release|x64.Build.0 = Release|x64
		{39331240-5B5F-30A3-8219-92B8F070A561}.Release|x86.ActiveCfg = Release|x64
		{39331240-5B5F-30A3-8219-92B8F070A561}.Release|x86.Build.0 = Release|x64
		{39331240-5B5F-30A3-8219-92B8F070A561}.RelWithDebInfo|x64.ActiveCfg = RelWithDebInfo|x64
		{39331240-5B5F-30A3-8219-92B8F070A561}.RelWithDebInfo|x64.Build.0 = RelWithDebInfo|x64
		{39331240-5B5F-30A3-8219-92B8F070A561}.RelWithDebInfo|x86.ActiveCfg = RelWithDebInfo|x64
		{39331240-5B5F-30A3-8219-92B8F070A561}.RelWithDebInfo|x86.Build.0 = RelWithDebInfo|x64
		{414F1DFC-B13D-31B7-9A83-7B05D5B9A84B}.Debug|x64.ActiveCfg = Debug|x64
		{414F1DFC-B13D-31B7-9A83-7B05D5B9A84B}.Debug|x64.Build.0 = Debug|x64
		{414F1DFC-B13D-31B7-9A83-7B05D5B9A84B}.Debug|x86.ActiveCfg = Debug|x64
		{414F1DFC-B13D-31B7-9A83-7B05D5B9A84B}.Debug|x86.Build.0 = Debug|x64
		{414F1DFC-B13D-31B7-9A83-7B05D5B9A84B}.MinSizeRel|x64.ActiveCfg = MinSizeRel|x64
		{414F1DFC-B13D-31B7-9A83-7B05D5B9A84B}.MinSizeRel|x64.Build.0 = MinSizeRel|x64
		{414F1DFC-B13D-31B7-9A83-7B05D5B9A84B}.MinSizeRel|x86.ActiveCfg = MinSizeRel|x64
		{414F1DFC-B13D-31B7-9A83-7B05D5B9A84B}.MinSizeRel|x86.Build.0 = MinSizeRel|x64
		{414F1DFC-B13D-31B7-9A83-7B05D5B9A84B}.Release|x64.ActiveCfg = Release|x64
		{414F1DFC-B13D-31B7-9A83-7B05D5B9A84B}.Release|x64.Build.0 = Release|x64
		{414F1DFC-B13D-31B7-9A83-7B05D5B9A84B}.Release|x86.ActiveCfg = Release|x64
		{414F1DFC-B13D-31B7-9A83-7B05D5B9A84B}.Release|x86.Build.0 = Release|x64
		{414F1DFC-B13D-31B7-9A83-7B05D5B9A84B}.RelWithDebInfo|x64.ActiveCfg = RelWithDebInfo|x64
		{414F1DFC-B13D-31B7-9A83-7B05D5B9A84B}.RelWithDebInfo|x64.Build.0 = RelWithDebInfo|x64
		{414F1DFC-B13D-31B7-9A83-7B05D5B9A84B}.RelWithDebInfo|x86.ActiveCfg = RelWithDebInfo|x64
		{414F1DFC-B13D-31B7-9A83-7B05D5B9A84B}.RelWithDebInfo|x86.Build.0 = RelWithDebInfo|x64
		{EE853630-A37A-34C8-801E-65CA04406B14}.Debug|x64.ActiveCfg = Debug|x64
		{EE853630-A37A-34C8-801E-65CA04406B14}.Debug|x64.Build.0 = Debug|x64
		{EE853630-A37A-34C8-801E-65CA04406B14}.Debug|x86.ActiveCfg = Debug|x64
		{EE853630-A37A-34C8-801E-65CA04406B14}.Debug|x86.Build.0 = Debug|x64
		{EE853630-A37A-34C8-801E-65CA04406B14}.MinSizeRel|x64.ActiveCfg = MinSizeRel|x64
		{EE853630-A37A-34C8-801E-65CA04406B14}.MinSizeRel|x64.Build.0 = MinSizeRel|x64
		{EE853630-A37A-34C8-801E-65CA04406B14}.MinSizeRel|x86.ActiveCfg = MinSizeRel|x64
		{EE853630-A37A-34C8-801E-65CA04406B14}.MinSizeRel|x86.Build.0 = MinSizeRel|x64
		{EE853630-A37A-34C8-801E-65CA04406B14}.Release|x64.ActiveCfg = Release|x64
		{EE853630-A37A-34C8-801E-65CA04406B14}.Release|x64.Build.0 = Release|x64
		{EE853630-A37A-34C8-801E-65CA04406B14}.Release|x86.ActiveCfg = Release|x64
		{EE853630-A37A-34C8-801E-65CA04406B14}.Release|x86.Build.0 = Release|x64
		{EE853630-A37A-34C8-801E-65CA04406B14}.RelWithDebInfo|x64.ActiveCfg = RelWithDebInfo|x64
		{EE853630-A37A-34C8-801E-65CA04406B14}.RelWithDebInfo|x64.Build.0 = RelWithDebInfo|x64
		{EE853630-A37A-34C8-801E-65CA04406B14}.RelWithDebInfo|x86.ActiveCfg = RelWithDebInfo|x64
		{EE853630-A37A-34C8-801E-65CA04406B14}.RelWithDebInfo|x86.Build.0 = RelWithDebInfo|x64
		{3EC41E3D-B634-397B-99AC-48D79A56CD46}.Debug|x64.ActiveCfg = Debug|x64
		{3EC41E3D-B634-397B-99AC-48D79A56CD46}.Debug|x64.Build.0 = Debug|x64
		{3EC41E3D-B634-397B-99AC-48D79A56CD46}.Debug|x86.ActiveCfg = Debug|x64
		{3EC41E3D-B634-397B-99AC-48D79A56CD46}.Debug|x86.Build.0 = Debug|x64
		{3EC41E3D-B634-397B-99AC-48D79A56CD46}.MinSizeRel|x64.ActiveCfg = MinSizeRel|x64
		{3EC41E3D-B634-397B-99AC-48D79A56CD46}.MinSizeRel|x64.Build.0 = MinSizeRel|x64
		{3EC41E3D-B634-397B-99AC-48D79A56CD46}.MinSizeRel|x86.ActiveCfg = MinSizeRel|x64
		{3EC41E3D-B634-397B-99AC-48D79A56CD46}.MinSizeRel|x86.Build.0 = MinSizeRel|x64
		{3EC41E3D-B634-397B-99AC-48D79A56CD46}.Release|x64.ActiveCfg = Release|x64
		{3EC41E3D-B634-397B-99AC-48D79A56CD46}.Release|x64.Build.0 = Release|x64
		{3EC41E3D-B634-397B-99AC-48D79A56CD46}.Release|x86.ActiveCfg = Release|x64
		{3EC41E3D-B634-397B-99AC-48D79A56CD46}.Release|x86.Build.0 = Release|x64
		{3EC41E3D-B634-397B-99AC-48D79A56CD46}.RelWithDebInfo|x64.ActiveCfg = RelWithDebInfo|x64
		{3EC41E3D-B634-397B-99AC-48D79A56CD46}.RelWithDebInfo|x64.Build.0 = RelWithDebInfo|x64
		{3EC41E3D-B634-397B-99AC-48D79A56CD46}.RelWithDebInfo|x86.ActiveCfg = RelWithDebInfo|x64
		{3EC41E3D-B634-397B-99AC-48D79A56CD46}.RelWithDebInfo|x86.Build.0 = RelWithDebInfo|x64
		{4E907949-F086-34E3-B7ED-ABAD1E227159}.Debug|x64.ActiveCfg = Debug|x64
		{4E907949-F086-34E3-B7ED-ABAD1E227159}.Debug|x64.Build.0 = Debug|x64
		{4E907949-F086-34E3-B7ED-ABAD1E227159}.Debug|x86.ActiveCfg = Debug|x64
		{4E907949-F086-34E3-B7ED-ABAD1E227159}.Debug|x86.Build.0 = Debug|x64
		{4E907949-F086-34E3-B7ED-ABAD1E227159}.MinSizeRel|x64.ActiveCfg = MinSizeRel|x64
		{4E907949-F086-34E3-B7ED-ABAD1E227159}.MinSizeRel|x64.Build.0 = MinSizeRel|x64
		{4E907949-F086-34E3-B7ED-ABAD1E227159}.MinSizeRel|x86.ActiveCfg = MinSizeRel|x64
		{4E907949-F086-34E3-B7ED-ABAD1E227159}.MinSizeRel|x86.Build.0 = MinSizeRel|x64
		{4E907949-F086-34E3-B7ED-ABAD1E227159}.Release|x64.ActiveCfg = Release|x64
		{4E907949-F086-34E3-B7ED-ABAD1E227159}.Release|x64.Build.0 = Release|x64
		{4E907949-F086-34E3-B7ED-ABAD1E227159}.Release|x86.ActiveCfg = Release|x64
		{4E907949-F086-34E3-B7ED-ABAD1E227159}.Release|x86.Build.0 = Release|x64
		{4E907949-F086-34E3-B7ED-ABAD1E227159}.RelWithDebInfo|x64.ActiveCfg = RelWithDebInfo|x64
		{4E907949-F086-34E3-B7ED-ABAD1E227159}.RelWithDebInfo|x64.Build.0 = RelWithDebInfo|x64
		{4E907949-F086-34E3-B7ED-ABAD1E227159}.RelWithDebInfo|x86.ActiveCfg = RelWithDebInfo|x64
		{4E907949-F086-34E3-B7ED-ABAD1E227159}.RelWithDebInfo|x86.Build.0 = RelWithDebInfo|x64
		{0E65B32C-D6C8-3A59-87E5-1B08D9330475}.Debug|x64.ActiveCfg = Debug|x64
		{0E65B32C-D6C8-3A59-87E5-1B08D9330475}.Debug|x86.ActiveCfg = Debug|x64
		{0E65B32C-D6C8-3A59-87E5-1B08D9330475}.Debug|x86.Build.0 = Debug|x64
		{0E65B32C-D6C8-3A59-87E5-1B08D9330475}.MinSizeRel|x64.ActiveCfg = MinSizeRel|x64
		{0E65B32C-D6C8-3A59-87E5-1B08D9330475}.MinSizeRel|x86.ActiveCfg = MinSizeRel|x64
		{0E65B32C-D6C8-3A59-87E5-1B08D9330475}.MinSizeRel|x86.Build.0 = MinSizeRel|x64
		{0E65B32C-D6C8-3A59-87E5-1B08D9330475}.Release|x64.ActiveCfg = Release|x64
		{0E65B32C-D6C8-3A59-87E5-1B08D9330475}.Release|x86.ActiveCfg = Release|x64
		{0E65B32C-D6C8-3A59-87E5-1B08D9330475}.Release|x86.Build.0 = Release|x64
		{0E65B32C-D6C8-3A59-87E5-1B08D9330475}.RelWithDebInfo|x64.ActiveCfg = RelWithDebInfo|x64
		{0E65B32C-D6C8-3A59-87E5-1B08D9330475}.RelWithDebInfo|x86.ActiveCfg = RelWithDebInfo|x64
		{0E65B32C-D6C8-3A59-87E5-1B08D9330475}.RelWithDebInfo|x86.Build.0 = RelWithDebInfo|x64
		{4062D53E-67C6-3918-AD7D-F55A8015837E}.Debug|x64.ActiveCfg = Debug|x64
		{4062D53E-67C6-3918-AD7D-F55A8015837E}.Debug|x64.Build.0 = Debug|x64
		{4062D53E-67C6-3918-AD7D-F55A8015837E}.Debug|x86.ActiveCfg = Debug|x64
		{4062D53E-67C6-3918-AD7D-F55A8015837E}.Debug|x86.Build.0 = Debug|x64
		{4062D53E-67C6-3918-AD7D-F55A8015837E}.MinSizeRel|x64.ActiveCfg = MinSizeRel|x64
		{4062D53E-67C6-3918-AD7D-F55A8015837E}.MinSizeRel|x64.Build.0 = MinSizeRel|x64
		{4062D53E-67C6-3918-AD7D-F55A8015837E}.MinSizeRel|x86.ActiveCfg = MinSizeRel|x64
		{4062D53E-67C6-3918-AD7D-F55A8015837E}.MinSizeRel|x86.Build.0 = MinSizeRel|x64
		{4062D53E-67C6-3918-AD7D-F55A8015837E}.Release|x64.ActiveCfg = Release|x64
		{4062D53E-67C6-3918-AD7D-F55A8015837E}.Release|x64.Build.0 = Release|x64
		{4062D53E-67C6-3918-AD7D-F55A8015837E}.Release|x86.ActiveCfg = Release|x64
		{4062D53E-67C6-3918-AD7D-F55A8015837E}.Release|x86.Build.0 = Release|x64
		{4062D53E-67C6-3918-AD7D-F55A8015837E}.RelWithDebInfo|x64.ActiveCfg = RelWithDebInfo|x64
		{4062D53E-67C6-3918-AD7D-F55A8015837E}.RelWithDebInfo|x64.Build.0 = RelWithDebInfo|x64
		{4062D53E-67C6-3918-AD7D-F55A8015837E}.RelWithDebInfo|x86.ActiveCfg = RelWithDebInfo|x64
		{4062D53E-67C6-3918-AD7D-F55A8015837E}.RelWithDebInfo|x86.Build.0 = RelWithDebInfo|x64
		{A867B45A-C0E7-3694-B1F8-537B00E2B97A}.Debug|x64.ActiveCfg = Debug|x64
		{A867B45A-C0E7-3694-B1F8-537B00E2B97A}.Debug|x64.Build.0 = Debug|x64
		{A867B45A-C0E7-3694-B1F8-537B00E2B97A}.Debug|x86.ActiveCfg = Debug|x64
		{A867B45A-C0E7-3694-B1F8-537B00E2B97A}.Debug|x86.Build.0 = Debug|x64
		{A867B45A-C0E7-3694-B1F8-537B00E2B97A}.MinSizeRel|x64.ActiveCfg = MinSizeRel|x64
		{A867B45A-C0E7-3694-B1F8-537B00E2B97A}.MinSizeRel|x64.Build.0 = MinSizeRel|x64
		{A867B45A-C0E7-3694-B1F8-537B00E2B97A}.MinSizeRel|x86.ActiveCfg = MinSizeRel|x64
		{A867B45A-C0E7-3694-B1F8-537B00E2B97A}.MinSizeRel|x86.Build.0 = MinSizeRel|x64
		{A867B45A-C0E7-3694-B1F8-537B00E2B97A}.Release|x64.ActiveCfg = Release|x64
		{A867B45A-C0E7-3694-B1F8-537B00E2B97A}.Release|x64.Build.0 = Release|x64
		{A867B45A-C0E7-3694-B1F8-537B00E2B97A}.Release|x86.ActiveCfg = Release|x64
		{A867B45A-C0E7-3694-B1F8-537B00E2B97A}.Release|x86.Build.0 = Release|x64
		{A867B45A-C0E7-3694-B1F8-537B00E2B97A}.RelWithDebInfo|x64.ActiveCfg = RelWithDebInfo|x64
		{A867B45A-C0E7-3694-B1F8-537B00E2B97A}.RelWithDebInfo|x64.Build.0 = RelWithDebInfo|x64
		{A867B45A-C0E7-3694-B1F8-537B00E2B97A}.RelWithDebInfo|x86.ActiveCfg = RelWithDebInfo|x64
		{A867B45A-C0E7-3694-B1F8-537B00E2B97A}.RelWithDebInfo|x86.Build.0 = RelWithDebInfo|x64
		{7A167F74-9AC8-3F9A-9125-7C2E60A9FE33}.Debug|x64.ActiveCfg = Debug|x64
		{7A167F74-9AC8-3F9A-9125-7C2E60A9FE33}.Debug|x64.Build.0 = Debug|x64
		{7A167F74-9AC8-3F9A-9125-7C2E60A9FE33}.Debug|x86.ActiveCfg = Debug|x64
		{7A167F74-9AC8-3F9A-9125-7C2E60A9FE33}.Debug|x86.Build.0 = Debug|x64
		{7A167F74-9AC8-3F9A-9125-7C2E60A9FE33}.MinSizeRel|x64.ActiveCfg = MinSizeRel|x64
		{7A167F74-9AC8-3F9A-9125-7C2E60A9FE33}.MinSizeRel|x64.Build.0 = MinSizeRel|x64
		{7A167F74-9AC8-3F9A-9125-7C2E60A9FE33}.MinSizeRel|x86.ActiveCfg = MinSizeRel|x64
		{7A167F74-9AC8-3F9A-9125-7C2E60A9FE33}.MinSizeRel|x86.Build.0 = MinSizeRel|x64
		{7A167F74-9AC8-3F9A-9125-7C2E60A9FE33}.Release|x64.ActiveCfg = Release|x64
		{7A167F74-9AC8-3F9A-9125-7C2E60A9FE33}.Release|x64.Build.0 = Release|x64
		{7A167F74-9AC8-3F9A-9125-7C2E60A9FE33}.Release|x86.ActiveCfg = Release|x64
		{7A167F74-9AC8-3F9A-9125-7C2E60A9FE33}.Release|x86.Build.0 = Release|x64
		{7A167F74-9AC8-3F9A-9125-7C2E60A9FE33}.RelWithDebInfo|x64.ActiveCfg = RelWithDebInfo|x64
		{7A167F74-9AC8-3F9A-9125-7C2E60A9FE33}.RelWithDebInfo|x64.Build.0 = RelWithDebInfo|x64
		{7A167F74-9AC8-3F9A-9125-7C2E60A9FE33}.RelWithDebInfo|x86.ActiveCfg = RelWithDebInfo|x64
		{7A167F74-9AC8-3F9A-9125-7C2E60A9FE33}.RelWithDebInfo|x86.Build.0 = RelWithDebInfo|x64
		{39F6192D-83E8-36EF-87EC-C7A6C7713787}.Debug|x64.ActiveCfg = Debug|x64
		{39F6192D-83E8-36EF-87EC-C7A6C7713787}.Debug|x64.Build.0 = Debug|x64
		{39F6192D-83E8-36EF-87EC-C7A6C7713787}.Debug|x86.ActiveCfg = Debug|x64
		{39F6192D-83E8-36EF-87EC-C7A6C7713787}.Debug|x86.Build.0 = Debug|x64
		{39F6192D-83E8-36EF-87EC-C7A6C7713787}.MinSizeRel|x64.ActiveCfg = MinSizeRel|x64
		{39F6192D-83E8-36EF-87EC-C7A6C7713787}.MinSizeRel|x64.Build.0 = MinSizeRel|x64
		{39F6192D-83E8-36EF-87EC-C7A6C7713787}.MinSizeRel|x86.ActiveCfg = MinSizeRel|x64
		{39F6192D-83E8-36EF-87EC-C7A6C7713787}.MinSizeRel|x86.Build.0 = MinSizeRel|x64
		{39F6192D-83E8-36EF-87EC-C7A6C7713787}.Release|x64.ActiveCfg = Release|x64
		{39F6192D-83E8-36EF-87EC-C7A6C7713787}.Release|x64.Build.0 = Release|x64
		{39F6192D-83E8-36EF-87EC-C7A6C7713787}.Release|x86.ActiveCfg = Release|x64
		{39F6192D-83E8-36EF-87EC-C7A6C7713787}.Release|x86.Build.0 = Release|x64
		{39F6192D-83E8-36EF-87EC-C7A6C7713787}.RelWithDebInfo|x64.ActiveCfg = RelWithDebInfo|x64
		{39F6192D-83E8-36EF-87EC-C7A6C7713787}.RelWithDebInfo|x64.Build.0 = RelWithDebInfo|x64
		{39F6192D-83E8-36EF-87EC-C7A6C7713787}.RelWithDebInfo|x86.ActiveCfg = RelWithDebInfo|x64
		{39F6192D-83E8-36EF-87EC-C7A6C7713787}.RelWithDebInfo|x86.Build.0 = RelWithDebInfo|x64
		{B2677F90-97D5-35C8-8C6F-7BAAFF9AE1C4}.Debug|x64.ActiveCfg = Debug|x64
		{B2677F90-97D5-35C8-8C6F-7BAAFF9AE1C4}.Debug|x64.Build.0 = Debug|x64
		{B2677F90-97D5-35C8-8C6F-7BAAFF9AE1C4}.Debug|x86.ActiveCfg = Debug|x64
		{B2677F90-97D5-35C8-8C6F-7BAAFF9AE1C4}.Debug|x86.Build.0 = Debug|x64
		{B2677F90-97D5-35C8-8C6F-7BAAFF9AE1C4}.MinSizeRel|x64.ActiveCfg = MinSizeRel|x64
		{B2677F90-97D5-35C8-8C6F-7BAAFF9AE1C4}.MinSizeRel|x64.Build.0 = MinSizeRel|x64
		{B2677F90-97D5-35C8-8C6F-7BAAFF9AE1C4}.MinSizeRel|x86.ActiveCfg = MinSizeRel|x64
		{B2677F90-97D5-35C8-8C6F-7BAAFF9AE1C4}.MinSizeRel|x86.Build.0 = MinSizeRel|x64
		{B2677F90-97D5-35C8-8C6F-7BAAFF9AE1C4}.Release|x64.ActiveCfg = Release|x64
		{B2677F90-97D5-35C8-8C6F-7BAAFF9AE1C4}.Release|x64.Build.0 = Release|x64
		{B2677F90-97D5-35C8-8C6F-7BAAFF9AE1C4}.Release|x86.ActiveCfg = Release|x64
		{B2677F90-97D5-35C8-8C6F-7BAAFF9AE1C4}.Release|x86.Build.0 = Release|x64
		{B2677F90-97D5-35C8-8C6F-7BAAFF9AE1C4}.RelWithDebInfo|x64.ActiveCfg = RelWithDebInfo|x64
		{B2677F90-97D5-35C8-8C6F-7BAAFF9AE1C4}.RelWithDebInfo|x64.Build.0 = RelWithDebInfo|x64
		{B2677F90-97D5-35C8-8C6F-7BAAFF9AE1C4}.RelWithDebInfo|x86.ActiveCfg = RelWithDebInfo|x64
		{B2677F90-97D5-35C8-8C6F-7BAAFF9AE1C4}.RelWithDebInfo|x86.Build.0 = RelWithDebInfo|x64
		{B831C509-A678-4ABD-9CCB-116D672B535C}.Debug|x64.ActiveCfg = Debug|x64
		{B831C509-A678-4ABD-9CCB-116D672B535C}.Debug|x64.Build.0 = Debug|x64
		{B831C509-A678-4ABD-9CCB-116D672B535C}.Debug|x86.ActiveCfg = Debug|Win32
		{B831C509-A678-4ABD-9CCB-116D672B535C}.Debug|x86.Build.0 = Debug|Win32
		{B831C509-A678-4ABD-9CCB-116D672B535C}.MinSizeRel|x64.ActiveCfg = Debug|x64
		{B831C509-A678-4ABD-9CCB-116D672B535C}.MinSizeRel|x64.Build.0 = Debug|x64
		{B831C509-A678-4ABD-9CCB-116D672B535C}.MinSizeRel|x86.ActiveCfg = Debug|Win32
		{B831C509-A678-4ABD-9CCB-116D672B535C}.MinSizeRel|x86.Build.0 = Debug|Win32
		{B831C509-A678-4ABD-9CCB-116D672B535C}.Release|x64.ActiveCfg = Release|x64
		{B831C509-A678-4ABD-9CCB-116D672B535C}.Release|x64.Build.0 = Release|x64
		{B831C509-A678-4ABD-9CCB-116D672B535C}.Release|x86.ActiveCfg = Release|Win32
		{B831C509-A678-4ABD-9CCB-116D672B535C}.Release|x86.Build.0 = Release|Win32
		{B831C509-A678-4ABD-9CCB-116D672B535C}.RelWithDebInfo|x64.ActiveCfg = Release|x64
		{B831C509-A678-4ABD-9CCB-116D672B535C}.RelWithDebInfo|x64.Build.0 = Release|x64
		{B831C509-A678-4ABD-9CCB-116D672B535C}.RelWithDebInfo|x86.ActiveCfg = Release|Win32
		{B831C509-A678-4ABD-9CCB-116D672B535C}.RelWithDebInfo|x86.Build.0 = Release|Win32
	EndGlobalSection
	GlobalSection(SolutionProperties) = preSolution
		HideSolutionNode = FALSE
	EndGlobalSection
	GlobalSection(NestedProjects) = preSolution
		{A243FAB3-F12A-3FB9-A197-F595121FBF00} = {D52F6FD8-4E1A-3A10-8D69-EE4BDA449002}
		{0E65B32C-D6C8-3A59-87E5-1B08D9330475} = {D52F6FD8-4E1A-3A10-8D69-EE4BDA449002}
		{B2677F90-97D5-35C8-8C6F-7BAAFF9AE1C4} = {D52F6FD8-4E1A-3A10-8D69-EE4BDA449002}
	EndGlobalSection
	GlobalSection(ExtensibilityGlobals) = postSolution
		SolutionGuid = {3B038F76-435E-3D79-BB0A-F31BF3D3CD3D}
	EndGlobalSection
EndGlobal
