
Microsoft Visual Studio Solution File, Format Version 12.00
# Visual Studio Version 17
Project("{2150E333-8FDC-42A3-9474-1A3956D46DE8}") = "CMakePredefinedTargets", "CMakePredefinedTargets", "{E8CC46C6-FB13-38D8-B38A-AFC4CBEB462A}"
EndProject
Project("{8BC9CEB8-8B4A-11D0-8D11-00A0C91BC942}") = "EntryPoint", "EntryPoint\EntryPoint.vcxproj", "{9D7481F5-928D-37F0-8A2A-AEC02AEB269B}"
	ProjectSection(ProjectDependencies) = postProject
		{49DEB905-6C74-3E4C-9B66-066B5C5ADB90} = {49DEB905-6C74-3E4C-9B66-066B5C5ADB90}
		{425BBC6C-159A-374D-9CCE-0793B4728C2E} = {425BBC6C-159A-374D-9CCE-0793B4728C2E}
		{DEA5670C-42A2-32AA-9FF3-2810A08CA762} = {DEA5670C-42A2-32AA-9FF3-2810A08CA762}
		{E6737373-B488-3655-B6CD-28727A72C296} = {E6737373-B488-3655-B6CD-28727A72C296}
		{C60298A4-4178-35A9-B32F-9A1AC88D5FE4} = {C60298A4-4178-35A9-B32F-9A1AC88D5FE4}
		{63CC879A-9973-31FC-9311-69DAF30C6270} = {63CC879A-9973-31FC-9311-69DAF30C6270}
		{43A50CE1-984A-3748-AC76-61CBE077FD09} = {43A50CE1-984A-3748-AC76-61CBE077FD09}
		{423E5B6F-C2A5-3ED9-8751-7F6C4CE95960} = {423E5B6F-C2A5-3ED9-8751-7F6C4CE95960}
		{D37FCA80-4ADB-39EC-9694-037AC0B0DEB7} = {D37FCA80-4ADB-39EC-9694-037AC0B0DEB7}
	EndProjectSection
EndProject
Project("{8BC9CEB8-8B4A-11D0-8D11-00A0C91BC942}") = "ALL_BUILD", "ALL_BUILD.vcxproj", "{EBEAAE83-B8A1-3F03-B0BF-DB739C46B442}"
	ProjectSection(ProjectDependencies) = postProject
		{49DEB905-6C74-3E4C-9B66-066B5C5ADB90} = {49DEB905-6C74-3E4C-9B66-066B5C5ADB90}
		{425BBC6C-159A-374D-9CCE-0793B4728C2E} = {425BBC6C-159A-374D-9CCE-0793B4728C2E}
		{DEA5670C-42A2-32AA-9FF3-2810A08CA762} = {DEA5670C-42A2-32AA-9FF3-2810A08CA762}
		{E6737373-B488-3655-B6CD-28727A72C296} = {E6737373-B488-3655-B6CD-28727A72C296}
		{C60298A4-4178-35A9-B32F-9A1AC88D5FE4} = {C60298A4-4178-35A9-B32F-9A1AC88D5FE4}
		{4D83A337-06F7-3B9F-9EB0-34C381F2F661} = {4D83A337-06F7-3B9F-9EB0-34C381F2F661}
		{42321F70-25C5-3F41-B590-EF72D18519DA} = {42321F70-25C5-3F41-B590-EF72D18519DA}
		{9D7481F5-928D-37F0-8A2A-AEC02AEB269B} = {9D7481F5-928D-37F0-8A2A-AEC02AEB269B}
		{63CC879A-9973-31FC-9311-69DAF30C6270} = {63CC879A-9973-31FC-9311-69DAF30C6270}
		{43A50CE1-984A-3748-AC76-61CBE077FD09} = {43A50CE1-984A-3748-AC76-61CBE077FD09}
		{B5AEB0A6-E782-39F2-9684-E93468E6C5CC} = {B5AEB0A6-E782-39F2-9684-E93468E6C5CC}
		{423E5B6F-C2A5-3ED9-8751-7F6C4CE95960} = {423E5B6F-C2A5-3ED9-8751-7F6C4CE95960}
		{D37FCA80-4ADB-39EC-9694-037AC0B0DEB7} = {D37FCA80-4ADB-39EC-9694-037AC0B0DEB7}
	EndProjectSection
EndProject
Project("{8BC9CEB8-8B4A-11D0-8D11-00A0C91BC942}") = "CSC8503", "CSC8503\CSC8503.vcxproj", "{49DEB905-6C74-3E4C-9B66-066B5C5ADB90}"
	ProjectSection(ProjectDependencies) = postProject
		{425BBC6C-159A-374D-9CCE-0793B4728C2E} = {425BBC6C-159A-374D-9CCE-0793B4728C2E}
		{DEA5670C-42A2-32AA-9FF3-2810A08CA762} = {DEA5670C-42A2-32AA-9FF3-2810A08CA762}
		{E6737373-B488-3655-B6CD-28727A72C296} = {E6737373-B488-3655-B6CD-28727A72C296}
		{C60298A4-4178-35A9-B32F-9A1AC88D5FE4} = {C60298A4-4178-35A9-B32F-9A1AC88D5FE4}
		{63CC879A-9973-31FC-9311-69DAF30C6270} = {63CC879A-9973-31FC-9311-69DAF30C6270}
		{43A50CE1-984A-3748-AC76-61CBE077FD09} = {43A50CE1-984A-3748-AC76-61CBE077FD09}
		{423E5B6F-C2A5-3ED9-8751-7F6C4CE95960} = {423E5B6F-C2A5-3ED9-8751-7F6C4CE95960}
		{D37FCA80-4ADB-39EC-9694-037AC0B0DEB7} = {D37FCA80-4ADB-39EC-9694-037AC0B0DEB7}
	EndProjectSection
EndProject
Project("{8BC9CEB8-8B4A-11D0-8D11-00A0C91BC942}") = "CSC8503CoreClasses", "CSC8503CoreClasses\CSC8503CoreClasses.vcxproj", "{425BBC6C-159A-374D-9CCE-0793B4728C2E}"
	ProjectSection(ProjectDependencies) = postProject
		{63CC879A-9973-31FC-9311-69DAF30C6270} = {63CC879A-9973-31FC-9311-69DAF30C6270}
		{43A50CE1-984A-3748-AC76-61CBE077FD09} = {43A50CE1-984A-3748-AC76-61CBE077FD09}
		{D37FCA80-4ADB-39EC-9694-037AC0B0DEB7} = {D37FCA80-4ADB-39EC-9694-037AC0B0DEB7}
	EndProjectSection
EndProject
Project("{8BC9CEB8-8B4A-11D0-8D11-00A0C91BC942}") = "DebugUtils", "DebugUtils\DebugUtils.vcxproj", "{DEA5670C-42A2-32AA-9FF3-2810A08CA762}"
	ProjectSection(ProjectDependencies) = postProject
		{E6737373-B488-3655-B6CD-28727A72C296} = {E6737373-B488-3655-B6CD-28727A72C296}
		{C60298A4-4178-35A9-B32F-9A1AC88D5FE4} = {C60298A4-4178-35A9-B32F-9A1AC88D5FE4}
		{423E5B6F-C2A5-3ED9-8751-7F6C4CE95960} = {423E5B6F-C2A5-3ED9-8751-7F6C4CE95960}
		{D37FCA80-4ADB-39EC-9694-037AC0B0DEB7} = {D37FCA80-4ADB-39EC-9694-037AC0B0DEB7}
	EndProjectSection
EndProject
Project("{8BC9CEB8-8B4A-11D0-8D11-00A0C91BC942}") = "Detour", "Detour\Detour.vcxproj", "{E6737373-B488-3655-B6CD-28727A72C296}"
	ProjectSection(ProjectDependencies) = postProject
		{D37FCA80-4ADB-39EC-9694-037AC0B0DEB7} = {D37FCA80-4ADB-39EC-9694-037AC0B0DEB7}
	EndProjectSection
EndProject
Project("{8BC9CEB8-8B4A-11D0-8D11-00A0C91BC942}") = "DetourTileCache", "DetourTileCache\DetourTileCache.vcxproj", "{C60298A4-4178-35A9-B32F-9A1AC88D5FE4}"
	ProjectSection(ProjectDependencies) = postProject
		{E6737373-B488-3655-B6CD-28727A72C296} = {E6737373-B488-3655-B6CD-28727A72C296}
		{D37FCA80-4ADB-39EC-9694-037AC0B0DEB7} = {D37FCA80-4ADB-39EC-9694-037AC0B0DEB7}
	EndProjectSection
EndProject
Project("{8BC9CEB8-8B4A-11D0-8D11-00A0C91BC942}") = "DistributedGameServer", "DistributedGameServer\DistributedGameServer.vcxproj", "{4D83A337-06F7-3B9F-9EB0-34C381F2F661}"
	ProjectSection(ProjectDependencies) = postProject
		{425BBC6C-159A-374D-9CCE-0793B4728C2E} = {425BBC6C-159A-374D-9CCE-0793B4728C2E}
		{DEA5670C-42A2-32AA-9FF3-2810A08CA762} = {DEA5670C-42A2-32AA-9FF3-2810A08CA762}
		{E6737373-B488-3655-B6CD-28727A72C296} = {E6737373-B488-3655-B6CD-28727A72C296}
		{C60298A4-4178-35A9-B32F-9A1AC88D5FE4} = {C60298A4-4178-35A9-B32F-9A1AC88D5FE4}
		{63CC879A-9973-31FC-9311-69DAF30C6270} = {63CC879A-9973-31FC-9311-69DAF30C6270}
		{43A50CE1-984A-3748-AC76-61CBE077FD09} = {43A50CE1-984A-3748-AC76-61CBE077FD09}
		{423E5B6F-C2A5-3ED9-8751-7F6C4CE95960} = {423E5B6F-C2A5-3ED9-8751-7F6C4CE95960}
		{D37FCA80-4ADB-39EC-9694-037AC0B0DEB7} = {D37FCA80-4ADB-39EC-9694-037AC0B0DEB7}
	EndProjectSection
EndProject
Project("{8BC9CEB8-8B4A-11D0-8D11-00A0C91BC942}") = "DistributedPhysicsManager", "DistributedPhysicsManager\DistributedPhysicsManager.vcxproj", "{42321F70-25C5-3F41-B590-EF72D18519DA}"
	ProjectSection(ProjectDependencies) = postProject
		{425BBC6C-159A-374D-9CCE-0793B4728C2E} = {425BBC6C-159A-374D-9CCE-0793B4728C2E}
		{DEA5670C-42A2-32AA-9FF3-2810A08CA762} = {DEA5670C-42A2-32AA-9FF3-2810A08CA762}
		{E6737373-B488-3655-B6CD-28727A72C296} = {E6737373-B488-3655-B6CD-28727A72C296}
		{C60298A4-4178-35A9-B32F-9A1AC88D5FE4} = {C60298A4-4178-35A9-B32F-9A1AC88D5FE4}
		{4D83A337-06F7-3B9F-9EB0-34C381F2F661} = {4D83A337-06F7-3B9F-9EB0-34C381F2F661}
		{63CC879A-9973-31FC-9311-69DAF30C6270} = {63CC879A-9973-31FC-9311-69DAF30C6270}
		{43A50CE1-984A-3748-AC76-61CBE077FD09} = {43A50CE1-984A-3748-AC76-61CBE077FD09}
		{423E5B6F-C2A5-3ED9-8751-7F6C4CE95960} = {423E5B6F-C2A5-3ED9-8751-7F6C4CE95960}
		{D37FCA80-4ADB-39EC-9694-037AC0B0DEB7} = {D37FCA80-4ADB-39EC-9694-037AC0B0DEB7}
	EndProjectSection
EndProject
Project("{8BC9CEB8-8B4A-11D0-8D11-00A0C91BC942}") = "INSTALL", "INSTALL.vcxproj", "{EE885254-9F36-3081-854E-C4DF2E4AA4E3}"
	ProjectSection(ProjectDependencies) = postProject
		{EBEAAE83-B8A1-3F03-B0BF-DB739C46B442} = {EBEAAE83-B8A1-3F03-B0BF-DB739C46B442}
		{D37FCA80-4ADB-39EC-9694-037AC0B0DEB7} = {D37FCA80-4ADB-39EC-9694-037AC0B0DEB7}
	EndProjectSection
EndProject
Project("{8BC9CEB8-8B4A-11D0-8D11-00A0C91BC942}") = "NCLCoreClasses", "NCLCoreClasses\NCLCoreClasses.vcxproj", "{63CC879A-9973-31FC-9311-69DAF30C6270}"
	ProjectSection(ProjectDependencies) = postProject
		{D37FCA80-4ADB-39EC-9694-037AC0B0DEB7} = {D37FCA80-4ADB-39EC-9694-037AC0B0DEB7}
	EndProjectSection
EndProject
Project("{8BC9CEB8-8B4A-11D0-8D11-00A0C91BC942}") = "OpenGLRendering", "OpenGLRendering\OpenGLRendering.vcxproj", "{43A50CE1-984A-3748-AC76-61CBE077FD09}"
	ProjectSection(ProjectDependencies) = postProject
		{63CC879A-9973-31FC-9311-69DAF30C6270} = {63CC879A-9973-31FC-9311-69DAF30C6270}
		{D37FCA80-4ADB-39EC-9694-037AC0B0DEB7} = {D37FCA80-4ADB-39EC-9694-037AC0B0DEB7}
	EndProjectSection
EndProject
Project("{8BC9CEB8-8B4A-11D0-8D11-00A0C91BC942}") = "PhysicsServerMidware", "PhysicsServerMidware\PhysicsServerMidware.vcxproj", "{B5AEB0A6-E782-39F2-9684-E93468E6C5CC}"
	ProjectSection(ProjectDependencies) = postProject
		{425BBC6C-159A-374D-9CCE-0793B4728C2E} = {425BBC6C-159A-374D-9CCE-0793B4728C2E}
		{DEA5670C-42A2-32AA-9FF3-2810A08CA762} = {DEA5670C-42A2-32AA-9FF3-2810A08CA762}
		{E6737373-B488-3655-B6CD-28727A72C296} = {E6737373-B488-3655-B6CD-28727A72C296}
		{C60298A4-4178-35A9-B32F-9A1AC88D5FE4} = {C60298A4-4178-35A9-B32F-9A1AC88D5FE4}
		{63CC879A-9973-31FC-9311-69DAF30C6270} = {63CC879A-9973-31FC-9311-69DAF30C6270}
		{43A50CE1-984A-3748-AC76-61CBE077FD09} = {43A50CE1-984A-3748-AC76-61CBE077FD09}
		{423E5B6F-C2A5-3ED9-8751-7F6C4CE95960} = {423E5B6F-C2A5-3ED9-8751-7F6C4CE95960}
		{D37FCA80-4ADB-39EC-9694-037AC0B0DEB7} = {D37FCA80-4ADB-39EC-9694-037AC0B0DEB7}
	EndProjectSection
EndProject
Project("{8BC9CEB8-8B4A-11D0-8D11-00A0C91BC942}") = "Recast", "Recast\Recast.vcxproj", "{423E5B6F-C2A5-3ED9-8751-7F6C4CE95960}"
	ProjectSection(ProjectDependencies) = postProject
		{D37FCA80-4ADB-39EC-9694-037AC0B0DEB7} = {D37FCA80-4ADB-39EC-9694-037AC0B0DEB7}
	EndProjectSection
EndProject
Project("{8BC9CEB8-8B4A-11D0-8D11-00A0C91BC942}") = "ZERO_CHECK", "ZERO_CHECK.vcxproj", "{D37FCA80-4ADB-39EC-9694-037AC0B0DEB7}"
	ProjectSection(ProjectDependencies) = postProject
	EndProjectSection
EndProject
Global
	GlobalSection(SolutionConfigurationPlatforms) = preSolution
		Debug|x64 = Debug|x64
		Release|x64 = Release|x64
		MinSizeRel|x64 = MinSizeRel|x64
		RelWithDebInfo|x64 = RelWithDebInfo|x64
	EndGlobalSection
	GlobalSection(ProjectConfigurationPlatforms) = postSolution
		{9D7481F5-928D-37F0-8A2A-AEC02AEB269B}.Debug|x64.ActiveCfg = Debug|x64
		{9D7481F5-928D-37F0-8A2A-AEC02AEB269B}.Debug|x64.Build.0 = Debug|x64
		{9D7481F5-928D-37F0-8A2A-AEC02AEB269B}.Release|x64.ActiveCfg = Release|x64
		{9D7481F5-928D-37F0-8A2A-AEC02AEB269B}.Release|x64.Build.0 = Release|x64
		{9D7481F5-928D-37F0-8A2A-AEC02AEB269B}.MinSizeRel|x64.ActiveCfg = MinSizeRel|x64
		{9D7481F5-928D-37F0-8A2A-AEC02AEB269B}.MinSizeRel|x64.Build.0 = MinSizeRel|x64
		{9D7481F5-928D-37F0-8A2A-AEC02AEB269B}.RelWithDebInfo|x64.ActiveCfg = RelWithDebInfo|x64
		{9D7481F5-928D-37F0-8A2A-AEC02AEB269B}.RelWithDebInfo|x64.Build.0 = RelWithDebInfo|x64
		{EBEAAE83-B8A1-3F03-B0BF-DB739C46B442}.Debug|x64.ActiveCfg = Debug|x64
		{EBEAAE83-B8A1-3F03-B0BF-DB739C46B442}.Debug|x64.Build.0 = Debug|x64
		{EBEAAE83-B8A1-3F03-B0BF-DB739C46B442}.Release|x64.ActiveCfg = Release|x64
		{EBEAAE83-B8A1-3F03-B0BF-DB739C46B442}.Release|x64.Build.0 = Release|x64
		{EBEAAE83-B8A1-3F03-B0BF-DB739C46B442}.MinSizeRel|x64.ActiveCfg = MinSizeRel|x64
		{EBEAAE83-B8A1-3F03-B0BF-DB739C46B442}.MinSizeRel|x64.Build.0 = MinSizeRel|x64
		{EBEAAE83-B8A1-3F03-B0BF-DB739C46B442}.RelWithDebInfo|x64.ActiveCfg = RelWithDebInfo|x64
		{EBEAAE83-B8A1-3F03-B0BF-DB739C46B442}.RelWithDebInfo|x64.Build.0 = RelWithDebInfo|x64
		{49DEB905-6C74-3E4C-9B66-066B5C5ADB90}.Debug|x64.ActiveCfg = Debug|x64
		{49DEB905-6C74-3E4C-9B66-066B5C5ADB90}.Debug|x64.Build.0 = Debug|x64
		{49DEB905-6C74-3E4C-9B66-066B5C5ADB90}.Release|x64.ActiveCfg = Release|x64
		{49DEB905-6C74-3E4C-9B66-066B5C5ADB90}.Release|x64.Build.0 = Release|x64
		{49DEB905-6C74-3E4C-9B66-066B5C5ADB90}.MinSizeRel|x64.ActiveCfg = MinSizeRel|x64
		{49DEB905-6C74-3E4C-9B66-066B5C5ADB90}.MinSizeRel|x64.Build.0 = MinSizeRel|x64
		{49DEB905-6C74-3E4C-9B66-066B5C5ADB90}.RelWithDebInfo|x64.ActiveCfg = RelWithDebInfo|x64
		{49DEB905-6C74-3E4C-9B66-066B5C5ADB90}.RelWithDebInfo|x64.Build.0 = RelWithDebInfo|x64
		{425BBC6C-159A-374D-9CCE-0793B4728C2E}.Debug|x64.ActiveCfg = Debug|x64
		{425BBC6C-159A-374D-9CCE-0793B4728C2E}.Debug|x64.Build.0 = Debug|x64
		{425BBC6C-159A-374D-9CCE-0793B4728C2E}.Release|x64.ActiveCfg = Release|x64
		{425BBC6C-159A-374D-9CCE-0793B4728C2E}.Release|x64.Build.0 = Release|x64
		{425BBC6C-159A-374D-9CCE-0793B4728C2E}.MinSizeRel|x64.ActiveCfg = MinSizeRel|x64
		{425BBC6C-159A-374D-9CCE-0793B4728C2E}.MinSizeRel|x64.Build.0 = MinSizeRel|x64
		{425BBC6C-159A-374D-9CCE-0793B4728C2E}.RelWithDebInfo|x64.ActiveCfg = RelWithDebInfo|x64
		{425BBC6C-159A-374D-9CCE-0793B4728C2E}.RelWithDebInfo|x64.Build.0 = RelWithDebInfo|x64
		{DEA5670C-42A2-32AA-9FF3-2810A08CA762}.Debug|x64.ActiveCfg = Debug|x64
		{DEA5670C-42A2-32AA-9FF3-2810A08CA762}.Debug|x64.Build.0 = Debug|x64
		{DEA5670C-42A2-32AA-9FF3-2810A08CA762}.Release|x64.ActiveCfg = Release|x64
		{DEA5670C-42A2-32AA-9FF3-2810A08CA762}.Release|x64.Build.0 = Release|x64
		{DEA5670C-42A2-32AA-9FF3-2810A08CA762}.MinSizeRel|x64.ActiveCfg = MinSizeRel|x64
		{DEA5670C-42A2-32AA-9FF3-2810A08CA762}.MinSizeRel|x64.Build.0 = MinSizeRel|x64
		{DEA5670C-42A2-32AA-9FF3-2810A08CA762}.RelWithDebInfo|x64.ActiveCfg = RelWithDebInfo|x64
		{DEA5670C-42A2-32AA-9FF3-2810A08CA762}.RelWithDebInfo|x64.Build.0 = RelWithDebInfo|x64
		{E6737373-B488-3655-B6CD-28727A72C296}.Debug|x64.ActiveCfg = Debug|x64
		{E6737373-B488-3655-B6CD-28727A72C296}.Debug|x64.Build.0 = Debug|x64
		{E6737373-B488-3655-B6CD-28727A72C296}.Release|x64.ActiveCfg = Release|x64
		{E6737373-B488-3655-B6CD-28727A72C296}.Release|x64.Build.0 = Release|x64
		{E6737373-B488-3655-B6CD-28727A72C296}.MinSizeRel|x64.ActiveCfg = MinSizeRel|x64
		{E6737373-B488-3655-B6CD-28727A72C296}.MinSizeRel|x64.Build.0 = MinSizeRel|x64
		{E6737373-B488-3655-B6CD-28727A72C296}.RelWithDebInfo|x64.ActiveCfg = RelWithDebInfo|x64
		{E6737373-B488-3655-B6CD-28727A72C296}.RelWithDebInfo|x64.Build.0 = RelWithDebInfo|x64
		{C60298A4-4178-35A9-B32F-9A1AC88D5FE4}.Debug|x64.ActiveCfg = Debug|x64
		{C60298A4-4178-35A9-B32F-9A1AC88D5FE4}.Debug|x64.Build.0 = Debug|x64
		{C60298A4-4178-35A9-B32F-9A1AC88D5FE4}.Release|x64.ActiveCfg = Release|x64
		{C60298A4-4178-35A9-B32F-9A1AC88D5FE4}.Release|x64.Build.0 = Release|x64
		{C60298A4-4178-35A9-B32F-9A1AC88D5FE4}.MinSizeRel|x64.ActiveCfg = MinSizeRel|x64
		{C60298A4-4178-35A9-B32F-9A1AC88D5FE4}.MinSizeRel|x64.Build.0 = MinSizeRel|x64
		{C60298A4-4178-35A9-B32F-9A1AC88D5FE4}.RelWithDebInfo|x64.ActiveCfg = RelWithDebInfo|x64
		{C60298A4-4178-35A9-B32F-9A1AC88D5FE4}.RelWithDebInfo|x64.Build.0 = RelWithDebInfo|x64
		{4D83A337-06F7-3B9F-9EB0-34C381F2F661}.Debug|x64.ActiveCfg = Debug|x64
		{4D83A337-06F7-3B9F-9EB0-34C381F2F661}.Debug|x64.Build.0 = Debug|x64
		{4D83A337-06F7-3B9F-9EB0-34C381F2F661}.Release|x64.ActiveCfg = Release|x64
		{4D83A337-06F7-3B9F-9EB0-34C381F2F661}.Release|x64.Build.0 = Release|x64
		{4D83A337-06F7-3B9F-9EB0-34C381F2F661}.MinSizeRel|x64.ActiveCfg = MinSizeRel|x64
		{4D83A337-06F7-3B9F-9EB0-34C381F2F661}.MinSizeRel|x64.Build.0 = MinSizeRel|x64
		{4D83A337-06F7-3B9F-9EB0-34C381F2F661}.RelWithDebInfo|x64.ActiveCfg = RelWithDebInfo|x64
		{4D83A337-06F7-3B9F-9EB0-34C381F2F661}.RelWithDebInfo|x64.Build.0 = RelWithDebInfo|x64
		{42321F70-25C5-3F41-B590-EF72D18519DA}.Debug|x64.ActiveCfg = Debug|x64
		{42321F70-25C5-3F41-B590-EF72D18519DA}.Debug|x64.Build.0 = Debug|x64
		{42321F70-25C5-3F41-B590-EF72D18519DA}.Release|x64.ActiveCfg = Release|x64
		{42321F70-25C5-3F41-B590-EF72D18519DA}.Release|x64.Build.0 = Release|x64
		{42321F70-25C5-3F41-B590-EF72D18519DA}.MinSizeRel|x64.ActiveCfg = MinSizeRel|x64
		{42321F70-25C5-3F41-B590-EF72D18519DA}.MinSizeRel|x64.Build.0 = MinSizeRel|x64
		{42321F70-25C5-3F41-B590-EF72D18519DA}.RelWithDebInfo|x64.ActiveCfg = RelWithDebInfo|x64
		{42321F70-25C5-3F41-B590-EF72D18519DA}.RelWithDebInfo|x64.Build.0 = RelWithDebInfo|x64
		{EE885254-9F36-3081-854E-C4DF2E4AA4E3}.Debug|x64.ActiveCfg = Debug|x64
		{EE885254-9F36-3081-854E-C4DF2E4AA4E3}.Release|x64.ActiveCfg = Release|x64
		{EE885254-9F36-3081-854E-C4DF2E4AA4E3}.MinSizeRel|x64.ActiveCfg = MinSizeRel|x64
		{EE885254-9F36-3081-854E-C4DF2E4AA4E3}.RelWithDebInfo|x64.ActiveCfg = RelWithDebInfo|x64
		{63CC879A-9973-31FC-9311-69DAF30C6270}.Debug|x64.ActiveCfg = Debug|x64
		{63CC879A-9973-31FC-9311-69DAF30C6270}.Debug|x64.Build.0 = Debug|x64
		{63CC879A-9973-31FC-9311-69DAF30C6270}.Release|x64.ActiveCfg = Release|x64
		{63CC879A-9973-31FC-9311-69DAF30C6270}.Release|x64.Build.0 = Release|x64
		{63CC879A-9973-31FC-9311-69DAF30C6270}.MinSizeRel|x64.ActiveCfg = MinSizeRel|x64
		{63CC879A-9973-31FC-9311-69DAF30C6270}.MinSizeRel|x64.Build.0 = MinSizeRel|x64
		{63CC879A-9973-31FC-9311-69DAF30C6270}.RelWithDebInfo|x64.ActiveCfg = RelWithDebInfo|x64
		{63CC879A-9973-31FC-9311-69DAF30C6270}.RelWithDebInfo|x64.Build.0 = RelWithDebInfo|x64
		{43A50CE1-984A-3748-AC76-61CBE077FD09}.Debug|x64.ActiveCfg = Debug|x64
		{43A50CE1-984A-3748-AC76-61CBE077FD09}.Debug|x64.Build.0 = Debug|x64
		{43A50CE1-984A-3748-AC76-61CBE077FD09}.Release|x64.ActiveCfg = Release|x64
		{43A50CE1-984A-3748-AC76-61CBE077FD09}.Release|x64.Build.0 = Release|x64
		{43A50CE1-984A-3748-AC76-61CBE077FD09}.MinSizeRel|x64.ActiveCfg = MinSizeRel|x64
		{43A50CE1-984A-3748-AC76-61CBE077FD09}.MinSizeRel|x64.Build.0 = MinSizeRel|x64
		{43A50CE1-984A-3748-AC76-61CBE077FD09}.RelWithDebInfo|x64.ActiveCfg = RelWithDebInfo|x64
		{43A50CE1-984A-3748-AC76-61CBE077FD09}.RelWithDebInfo|x64.Build.0 = RelWithDebInfo|x64
		{B5AEB0A6-E782-39F2-9684-E93468E6C5CC}.Debug|x64.ActiveCfg = Debug|x64
		{B5AEB0A6-E782-39F2-9684-E93468E6C5CC}.Debug|x64.Build.0 = Debug|x64
		{B5AEB0A6-E782-39F2-9684-E93468E6C5CC}.Release|x64.ActiveCfg = Release|x64
		{B5AEB0A6-E782-39F2-9684-E93468E6C5CC}.Release|x64.Build.0 = Release|x64
		{B5AEB0A6-E782-39F2-9684-E93468E6C5CC}.MinSizeRel|x64.ActiveCfg = MinSizeRel|x64
		{B5AEB0A6-E782-39F2-9684-E93468E6C5CC}.MinSizeRel|x64.Build.0 = MinSizeRel|x64
		{B5AEB0A6-E782-39F2-9684-E93468E6C5CC}.RelWithDebInfo|x64.ActiveCfg = RelWithDebInfo|x64
		{B5AEB0A6-E782-39F2-9684-E93468E6C5CC}.RelWithDebInfo|x64.Build.0 = RelWithDebInfo|x64
		{423E5B6F-C2A5-3ED9-8751-7F6C4CE95960}.Debug|x64.ActiveCfg = Debug|x64
		{423E5B6F-C2A5-3ED9-8751-7F6C4CE95960}.Debug|x64.Build.0 = Debug|x64
		{423E5B6F-C2A5-3ED9-8751-7F6C4CE95960}.Release|x64.ActiveCfg = Release|x64
		{423E5B6F-C2A5-3ED9-8751-7F6C4CE95960}.Release|x64.Build.0 = Release|x64
		{423E5B6F-C2A5-3ED9-8751-7F6C4CE95960}.MinSizeRel|x64.ActiveCfg = MinSizeRel|x64
		{423E5B6F-C2A5-3ED9-8751-7F6C4CE95960}.MinSizeRel|x64.Build.0 = MinSizeRel|x64
		{423E5B6F-C2A5-3ED9-8751-7F6C4CE95960}.RelWithDebInfo|x64.ActiveCfg = RelWithDebInfo|x64
		{423E5B6F-C2A5-3ED9-8751-7F6C4CE95960}.RelWithDebInfo|x64.Build.0 = RelWithDebInfo|x64
		{D37FCA80-4ADB-39EC-9694-037AC0B0DEB7}.Debug|x64.ActiveCfg = Debug|x64
		{D37FCA80-4ADB-39EC-9694-037AC0B0DEB7}.Debug|x64.Build.0 = Debug|x64
		{D37FCA80-4ADB-39EC-9694-037AC0B0DEB7}.Release|x64.ActiveCfg = Release|x64
		{D37FCA80-4ADB-39EC-9694-037AC0B0DEB7}.Release|x64.Build.0 = Release|x64
		{D37FCA80-4ADB-39EC-9694-037AC0B0DEB7}.MinSizeRel|x64.ActiveCfg = MinSizeRel|x64
		{D37FCA80-4ADB-39EC-9694-037AC0B0DEB7}.MinSizeRel|x64.Build.0 = MinSizeRel|x64
		{D37FCA80-4ADB-39EC-9694-037AC0B0DEB7}.RelWithDebInfo|x64.ActiveCfg = RelWithDebInfo|x64
		{D37FCA80-4ADB-39EC-9694-037AC0B0DEB7}.RelWithDebInfo|x64.Build.0 = RelWithDebInfo|x64
	EndGlobalSection
	GlobalSection(NestedProjects) = preSolution
		{EBEAAE83-B8A1-3F03-B0BF-DB739C46B442} = {E8CC46C6-FB13-38D8-B38A-AFC4CBEB462A}
		{EE885254-9F36-3081-854E-C4DF2E4AA4E3} = {E8CC46C6-FB13-38D8-B38A-AFC4CBEB462A}
		{D37FCA80-4ADB-39EC-9694-037AC0B0DEB7} = {E8CC46C6-FB13-38D8-B38A-AFC4CBEB462A}
	EndGlobalSection
	GlobalSection(ExtensibilityGlobals) = postSolution
		SolutionGuid = {3EEDAF31-D16C-3A0A-A2AA-C151D462CDE3}
	EndGlobalSection
	GlobalSection(ExtensibilityAddIns) = postSolution
	EndGlobalSection
EndGlobal
