<?xml version="1.0" encoding="utf-8"?>
<Project ToolsVersion="17.0" xmlns="http://schemas.microsoft.com/developer/msbuild/2003">
  <ItemGroup>
    <ClCompile Include="C:\Users\erendegirmenci\Desktop\Projects\Distributed-Physics-Server-Simulation\DistributedGameServer\CMakeFiles\DistributedGameServer.dir\cmake_pch.cxx">
      <Filter>Source Files</Filter>
    </ClCompile>
    <ClCompile Include="C:\Users\erendegirmenci\Desktop\Projects\Distributed-Physics-Server-Simulation\DistributedGameServer\ServerWorldManager.cpp">
      <Filter>Source Files</Filter>
    </ClCompile>
    <ClCompile Include="C:\Users\erendegirmenci\Desktop\Projects\Distributed-Physics-Server-Simulation\DistributedGameServer\DistributedGameServerManager.cpp">
      <Filter>Source Files</Filter>
    </ClCompile>
    <ClCompile Include="C:\Users\erendegirmenci\Desktop\Projects\Distributed-Physics-Server-Simulation\DistributedGameServer\ServerStarter.cpp">
      <Filter>Source Files</Filter>
    </ClCompile>
  </ItemGroup>
  <ItemGroup>
    <ClInclude Include="C:\Users\erendegirmenci\Desktop\Projects\Distributed-Physics-Server-Simulation\DistributedGameServer\ServerWorldManager.h">
      <Filter>Header Files</Filter>
    </ClInclude>
    <ClInclude Include="C:\Users\erendegirmenci\Desktop\Projects\Distributed-Physics-Server-Simulation\DistributedGameServer\DistributedGameServerManager.h">
      <Filter>Header Files</Filter>
    </ClInclude>
    <ClInclude Include="C:\Users\erendegirmenci\Desktop\Projects\Distributed-Physics-Server-Simulation\DistributedGameServer\CMakeFiles\DistributedGameServer.dir\Debug\cmake_pch.hxx">
      <Filter>Precompile Header File</Filter>
    </ClInclude>
    <ClInclude Include="C:\Users\erendegirmenci\Desktop\Projects\Distributed-Physics-Server-Simulation\DistributedGameServer\CMakeFiles\DistributedGameServer.dir\Release\cmake_pch.hxx">
      <Filter>Precompile Header File</Filter>
    </ClInclude>
    <ClInclude Include="C:\Users\erendegirmenci\Desktop\Projects\Distributed-Physics-Server-Simulation\DistributedGameServer\CMakeFiles\DistributedGameServer.dir\MinSizeRel\cmake_pch.hxx">
      <Filter>Precompile Header File</Filter>
    </ClInclude>
    <ClInclude Include="C:\Users\erendegirmenci\Desktop\Projects\Distributed-Physics-Server-Simulation\DistributedGameServer\CMakeFiles\DistributedGameServer.dir\RelWithDebInfo\cmake_pch.hxx">
      <Filter>Precompile Header File</Filter>
    </ClInclude>
  </ItemGroup>
  <ItemGroup>
    <CustomBuild Include="C:\Users\erendegirmenci\Desktop\Projects\Distributed-Physics-Server-Simulation\DistributedGameServer\CMakeLists.txt" />
  </ItemGroup>
  <ItemGroup>
    <Filter Include="Header Files">
      <UniqueIdentifier>{7DF55088-4172-33C6-8639-E0F213BB33B8}</UniqueIdentifier>
    </Filter>
    <Filter Include="Precompile Header File">
      <UniqueIdentifier>{12FB11DF-9660-3A3B-B85E-315847032C51}</UniqueIdentifier>
    </Filter>
    <Filter Include="Source Files">
      <UniqueIdentifier>{710E6BBE-CD41-3579-8564-BD26B5CE8E43}</UniqueIdentifier>
    </Filter>
  </ItemGroup>
</Project>
