<?xml version="1.0" encoding="utf-8"?>
<Project ToolsVersion="17.0" xmlns="http://schemas.microsoft.com/developer/msbuild/2003">
  <ItemGroup>
    <ClCompile Include="C:\CSC8599\CSC8599-Project-and-Dissertation-in-Computer-Game-Engineering\ImguiSceneNode\CMakeFiles\ImguiSceneNode.dir\cmake_pch.cxx">
      <Filter>Source Files</Filter>
    </ClCompile>
    <ClCompile Include="C:\CSC8599\CSC8599-Project-and-Dissertation-in-Computer-Game-Engineering\ImguiSceneNode\UINode.cpp">
      <Filter>Source Files</Filter>
    </ClCompile>
    <ClCompile Include="C:\CSC8599\CSC8599-Project-and-Dissertation-in-Computer-Game-Engineering\ImguiSceneNode\Scene.cpp">
      <Filter>Source Files</Filter>
    </ClCompile>
    <ClCompile Include="C:\CSC8599\CSC8599-Project-and-Dissertation-in-Computer-Game-Engineering\ImguiSceneNode\RenderManager.cpp">
      <Filter>Source Files</Filter>
    </ClCompile>
  </ItemGroup>
  <ItemGroup>
    <ClInclude Include="C:\CSC8599\CSC8599-Project-and-Dissertation-in-Computer-Game-Engineering\ImguiSceneNode\UINode.h">
      <Filter>Header Files</Filter>
    </ClInclude>
    <ClInclude Include="C:\CSC8599\CSC8599-Project-and-Dissertation-in-Computer-Game-Engineering\ImguiSceneNode\Scene.h">
      <Filter>Header Files</Filter>
    </ClInclude>
    <ClInclude Include="C:\CSC8599\CSC8599-Project-and-Dissertation-in-Computer-Game-Engineering\ImguiSceneNode\RenderManager.h">
      <Filter>Header Files</Filter>
    </ClInclude>
    <ClInclude Include="C:\CSC8599\CSC8599-Project-and-Dissertation-in-Computer-Game-Engineering\ImguiSceneNode\CMakeFiles\ImguiSceneNode.dir\Debug\cmake_pch.hxx">
      <Filter>Precompile Header File</Filter>
    </ClInclude>
    <ClInclude Include="C:\CSC8599\CSC8599-Project-and-Dissertation-in-Computer-Game-Engineering\ImguiSceneNode\CMakeFiles\ImguiSceneNode.dir\Release\cmake_pch.hxx">
      <Filter>Precompile Header File</Filter>
    </ClInclude>
    <ClInclude Include="C:\CSC8599\CSC8599-Project-and-Dissertation-in-Computer-Game-Engineering\ImguiSceneNode\CMakeFiles\ImguiSceneNode.dir\MinSizeRel\cmake_pch.hxx">
      <Filter>Precompile Header File</Filter>
    </ClInclude>
    <ClInclude Include="C:\CSC8599\CSC8599-Project-and-Dissertation-in-Computer-Game-Engineering\ImguiSceneNode\CMakeFiles\ImguiSceneNode.dir\RelWithDebInfo\cmake_pch.hxx">
      <Filter>Precompile Header File</Filter>
    </ClInclude>
  </ItemGroup>
  <ItemGroup>
    <CustomBuild Include="C:\CSC8599\CSC8599-Project-and-Dissertation-in-Computer-Game-Engineering\ImguiSceneNode\CMakeLists.txt" />
  </ItemGroup>
  <ItemGroup>
    <Filter Include="Header Files">
      <UniqueIdentifier>{4E0B1094-FFAB-300D-B4B9-52D21E3BEEBE}</UniqueIdentifier>
    </Filter>
    <Filter Include="Precompile Header File">
      <UniqueIdentifier>{0968B972-1953-3A34-9605-A7E1D49B71F6}</UniqueIdentifier>
    </Filter>
    <Filter Include="Source Files">
      <UniqueIdentifier>{32AB5304-3124-3A8F-9176-23DCB5CBCB13}</UniqueIdentifier>
    </Filter>
  </ItemGroup>
</Project>
